// !$*UTF8*$!
{
	archiveVersion = 1;
	classes = {
	};
	objectVersion = 54;
	objects = {

/* Begin PBXBuildFile section */
		AF9290E8BFB704B6 /* MainDispatch.swift in Sources */ = {isa = PBXBuildFile; fileRef = FE9404A777ED8EC9 /* MainDispatch.swift */; };
		F6E7018A781CE860 /* EventNotifier.swift in Sources */ = {isa = PBXBuildFile; fileRef = FE918903B6214035 /* EventNotifier.swift */; };
		3433C8A9A6F46A28 /* AppInstalls.swift in Sources */ = {isa = PBXBuildFile; fileRef = 1A8CFB20714ECE7A /* AppInstalls.swift */; };
		9974FAE79F46F221 /* LogStore.swift in Sources */ = {isa = PBXBuildFile; fileRef = B148FA802FF6AA9F /* LogStore.swift */; };
		5279C436C2969D6D /* OPCrashCorrelator.swift in Sources */ = {isa = PBXBuildFile; fileRef = D0AFC45CED613C86 /* OPCrashCorrelator.swift */; };
		E3BC290722D9385D /* OPCrashWriter.swift in Sources */ = {isa = PBXBuildFile; fileRef = 643346C5B61688F3 /* OPCrashWriter.swift */; };
		5FC972A4C7E749CB /* OPCrashRecord.swift in Sources */ = {isa = PBXBuildFile; fileRef = 8FAB8F28C1229B11 /* OPCrashRecord.swift */; };
		D5C29B3DCCDF8C25 /* AppSettingsWindow.swift in Sources */ = {isa = PBXBuildFile; fileRef = B551BAF6C559FDE3 /* AppSettingsWindow.swift */; };
		30E0A315D2F88E16 /* InspectTools.swift in Sources */ = {isa = PBXBuildFile; fileRef = F9C632249BBFC8BD /* InspectTools.swift */; };
		54EDEA089AA2191C /* OPAppLiveness.swift in Sources */ = {isa = PBXBuildFile; fileRef = 4E17E960CFFEACBF /* OPAppLiveness.swift */; };
		EF55B86C65609681 /* SnapshotStore.swift in Sources */ = {isa = PBXBuildFile; fileRef = 152221A2059674F5 /* SnapshotStore.swift */; };
		AD286CC5B6100EA9 /* BookmarkStore.swift in Sources */ = {isa = PBXBuildFile; fileRef = 2E3D0C3B16EA77D0 /* BookmarkStore.swift */; };
		4E43543B9CB271DB /* InspectService.swift in Sources */ = {isa = PBXBuildFile; fileRef = 4779F07505F5DF99 /* InspectService.swift */; };
		D39108BAD98AAD74 /* InspectGate.swift in Sources */ = {isa = PBXBuildFile; fileRef = EC90C27EE3F316C0 /* InspectGate.swift */; };
		5F38BAF765A9EAEF /* InspectRequest.swift in Sources */ = {isa = PBXBuildFile; fileRef = 7129536E6D2311B4 /* InspectRequest.swift */; };
		8B65571DC49F611B /* MCPTimeouts.swift in Sources */ = {isa = PBXBuildFile; fileRef = 5BF36BBEDA431028 /* MCPTimeouts.swift */; };
		9A3CE4B786BC519C /* TweakTools.swift in Sources */ = {isa = PBXBuildFile; fileRef = 2D73451F9FFF0D2B /* TweakTools.swift */; };
		977616121F1C5D48 /* ContainerTools.swift in Sources */ = {isa = PBXBuildFile; fileRef = DF53023CB47A543F /* ContainerTools.swift */; };
		7958FF75D95EB547 /* TweakStoreService.swift in Sources */ = {isa = PBXBuildFile; fileRef = 1E4ADF9344E6F37E /* TweakStoreService.swift */; };
		71CB35DB99B57660 /* ContainerService.swift in Sources */ = {isa = PBXBuildFile; fileRef = 1709F3002601F328 /* ContainerService.swift */; };
		DA67E8F641CB67E0 /* SourceInstalls.swift in Sources */ = {isa = PBXBuildFile; fileRef = C8B04E7B3498E422 /* SourceInstalls.swift */; };
		B37E60EABA3993F3 /* AppSources.swift in Sources */ = {isa = PBXBuildFile; fileRef = B48C799E7018F704 /* AppSources.swift */; };
		46B1D44BC3E3EA08 /* IPAValidate.swift in Sources */ = {isa = PBXBuildFile; fileRef = E51CC374D4283408 /* IPAValidate.swift */; };
		D4CD7861BECC0BFA /* AppSourcesView.swift in Sources */ = {isa = PBXBuildFile; fileRef = 3FD95F49140C6F71 /* AppSourcesView.swift */; };
		79C75F0AFC660F32 /* SourceTools.swift in Sources */ = {isa = PBXBuildFile; fileRef = 3DF59B7004FB0A44 /* SourceTools.swift */; };
		596E79C0441399E7 /* ContainerPane.swift in Sources */ = {isa = PBXBuildFile; fileRef = 01F370A4547DBF7E /* ContainerPane.swift */; };
		4D5AFE84592649D1 /* TweakLibraryPane.swift in Sources */ = {isa = PBXBuildFile; fileRef = AD096AB0B5DDCBB4 /* TweakLibraryPane.swift */; };
		7D54157D0BB1E520 /* TweakLibraryVM.swift in Sources */ = {isa = PBXBuildFile; fileRef = B45A4B3DDF464D98 /* TweakLibraryVM.swift */; };
		52E689CE3F9BD3FB /* ContainerProfiles.swift in Sources */ = {isa = PBXBuildFile; fileRef = C8B0F418327A18E0 /* ContainerProfiles.swift */; };
		FBE7B076CD383122 /* EventPretty.swift in Sources */ = {isa = PBXBuildFile; fileRef = 524C5951AAFBDC97 /* EventPretty.swift */; };
		A5BCDD4FEE663813 /* Controls.swift in Sources */ = {isa = PBXBuildFile; fileRef = C0F81A91659E960A /* Controls.swift */; };
		18B8F8545418D0B4 /* PlistReader.swift in Sources */ = {isa = PBXBuildFile; fileRef = 24C13AF73619B1C6 /* PlistReader.swift */; };
		77EFD940A7878EA6 /* ResolutionMath.swift in Sources */ = {isa = PBXBuildFile; fileRef = 9087A86A5DC671E8 /* ResolutionMath.swift */; };
		B813561B9FBD2CF1 /* JBBypassCatalog.swift in Sources */ = {isa = PBXBuildFile; fileRef = 0768B6168B08B627 /* JBBypassCatalog.swift */; };
		8353AA2438D2A4B1 /* HostedApp+Environment.swift in Sources */ = {isa = PBXBuildFile; fileRef = 50B2484B3BABE223 /* HostedApp+Environment.swift */; };
		28AFA7C4935922F6 /* HostedApp+Power.swift in Sources */ = {isa = PBXBuildFile; fileRef = BE182F7996141C5D /* HostedApp+Power.swift */; };
		0F11B373B5D5CAB8 /* HostedApp+KeyCover.swift in Sources */ = {isa = PBXBuildFile; fileRef = E16D93A5FD4D73CE /* HostedApp+KeyCover.swift */; };
		E85A929E7C84BAAA /* HostedApp+Tools.swift in Sources */ = {isa = PBXBuildFile; fileRef = 8C99F8F38CB1F9F5 /* HostedApp+Tools.swift */; };
		B6181F6617F3D014 /* HostedApp+Files.swift in Sources */ = {isa = PBXBuildFile; fileRef = BCBD33DB5B867DF1 /* HostedApp+Files.swift */; };
		08B8A1CF41394C72 /* ToolRouter.swift in Sources */ = {isa = PBXBuildFile; fileRef = 900502EE8C0E1C7C /* ToolRouter.swift */; };
		BC77E289CAFC42CD /* AppTools.swift in Sources */ = {isa = PBXBuildFile; fileRef = 220847F9046C01C1 /* AppTools.swift */; };
		5B7A3449F68B4385 /* EventTools.swift in Sources */ = {isa = PBXBuildFile; fileRef = 3765949B44E0A21E /* EventTools.swift */; };
		DADC6715A2A738F7 /* ReconTools.swift in Sources */ = {isa = PBXBuildFile; fileRef = 056DEEFFE3AD0AF6 /* ReconTools.swift */; };
		7001A1159011CAFE /* SuggestTools.swift in Sources */ = {isa = PBXBuildFile; fileRef = 7001A1159010CAFE /* SuggestTools.swift */; };
		63820A553F7822A2 /* HookTools.swift in Sources */ = {isa = PBXBuildFile; fileRef = 8AC7C7D95F6CB3C2 /* HookTools.swift */; };
		B7C5923B73019E46 /* RuleTools.swift in Sources */ = {isa = PBXBuildFile; fileRef = 4348A085B12A9469 /* RuleTools.swift */; };
		A9BCA17E026BF421 /* ConfigTools.swift in Sources */ = {isa = PBXBuildFile; fileRef = 86C5858FBCEEE0E6 /* ConfigTools.swift */; };
		7527AAB09643E217 /* StdioTransport.swift in Sources */ = {isa = PBXBuildFile; fileRef = 5AED5DF901EE05DC /* StdioTransport.swift */; };
		D7C650AEF355211F /* HTTPTransport.swift in Sources */ = {isa = PBXBuildFile; fileRef = 9E70BEBCBB434C08 /* HTTPTransport.swift */; };
		C3A41E949D1E600D /* AppQueryService.swift in Sources */ = {isa = PBXBuildFile; fileRef = 1E79EE123C632373 /* AppQueryService.swift */; };
		DDC60EB416ACAC10 /* SettingsStore.swift in Sources */ = {isa = PBXBuildFile; fileRef = 550DAF5401731081 /* SettingsStore.swift */; };
		9FF92C79D65B7FFD /* ReportBuilder.swift in Sources */ = {isa = PBXBuildFile; fileRef = F4BCF3C93514DBED /* ReportBuilder.swift */; };
		5854E1C8E8CB321E /* GraphicsPane.swift in Sources */ = {isa = PBXBuildFile; fileRef = EAB948873F0F2EA5 /* GraphicsPane.swift */; };
		8A84939569AC3C9B /* KeymappingPane.swift in Sources */ = {isa = PBXBuildFile; fileRef = 0696BE3C138F13FF /* KeymappingPane.swift */; };
		1E9F99F71F6A9E98 /* BypassesPane.swift in Sources */ = {isa = PBXBuildFile; fileRef = 90BB9421D69FD643 /* BypassesPane.swift */; };
		21B30B54EE6AE8C6 /* InfoPane.swift in Sources */ = {isa = PBXBuildFile; fileRef = D324648A50A21929 /* InfoPane.swift */; };
		9C9A714A49EDA1FC /* SettingsWindowManager.swift in Sources */ = {isa = PBXBuildFile; fileRef = 88C525977E937028 /* SettingsWindowManager.swift */; };
		7A509E4CA6CD92E3 /* ObjCHooksEditor.swift in Sources */ = {isa = PBXBuildFile; fileRef = 36D4A6EAA09E20FC /* ObjCHooksEditor.swift */; };
		6F535E1A465BC4C1 /* SwiftHooksEditor.swift in Sources */ = {isa = PBXBuildFile; fileRef = 073D818FBD8FC133 /* SwiftHooksEditor.swift */; };
		A761A8D25A040FB4 /* InlineHooksEditor.swift in Sources */ = {isa = PBXBuildFile; fileRef = 94A87C8F0FE614E7 /* InlineHooksEditor.swift */; };
		FACE00000000000000000705 /* RulesEditorView.swift in Sources */ = {isa = PBXBuildFile; fileRef = FACE00000000000000000704 /* RulesEditorView.swift */; };
		FACE00000000000000000703 /* LogViewerView.swift in Sources */ = {isa = PBXBuildFile; fileRef = FACE00000000000000000702 /* LogViewerView.swift */; };
		FACE00000000000000000707 /* ReconView.swift in Sources */ = {isa = PBXBuildFile; fileRef = FACE00000000000000000706 /* ReconView.swift */; };
		FACE00000000000000000701 /* InstrumentationSettings.swift in Sources */ = {isa = PBXBuildFile; fileRef = FACE00000000000000000700 /* InstrumentationSettings.swift */; };
		FACE00000000000000000500 /* OPEvent.swift in Sources */ = {isa = PBXBuildFile; fileRef = FACE00000000000000000400 /* OPEvent.swift */; };
		FACE00000000000000000501 /* OPConfig.swift in Sources */ = {isa = PBXBuildFile; fileRef = FACE00000000000000000401 /* OPConfig.swift */; };
		FACE00000000000000000A03 /* MCPServer.swift in Sources */ = {isa = PBXBuildFile; fileRef = FACE00000000000000000A02 /* MCPServer.swift */; };
		342787552E787EBB003A3C2F /* Keymapping.swift in Sources */ = {isa = PBXBuildFile; fileRef = 342787542E787EB9003A3C2F /* Keymapping.swift */; };
		3447B5E52E28B46800FAA22F /* KeymapViewVM.swift in Sources */ = {isa = PBXBuildFile; fileRef = 3447B5E42E28B46800FAA22F /* KeymapViewVM.swift */; };
		349915332F8866A3005565D1 /* AppIcon.icon in Resources */ = {isa = PBXBuildFile; fileRef = 349915322F8866A3005565D1 /* AppIcon.icon */; };
		349915352F8866A8005565D1 /* AppIcon.dev.icon in Resources */ = {isa = PBXBuildFile; fileRef = 349915342F8866A8005565D1 /* AppIcon.dev.icon */; };
		3665EF8928832400007CF915 /* OphanimSettingsView.swift in Sources */ = {isa = PBXBuildFile; fileRef = 3665EF8828832400007CF915 /* OphanimSettingsView.swift */; };
		5314D1EE26C402EC00A0A727 /* Shell.swift in Sources */ = {isa = PBXBuildFile; fileRef = 5314D1ED26C402EC00A0A727 /* Shell.swift */; };
		532644DE26E79E56002EA34D /* Localizable.strings in Resources */ = {isa = PBXBuildFile; fileRef = 532644E026E79E56002EA34D /* Localizable.strings */; };
		53D9DAF326C1849D0071959E /* OphanimError.swift in Sources */ = {isa = PBXBuildFile; fileRef = 53D9DAF226C1849D0071959E /* OphanimError.swift */; };
		53F3802826EB6F6B00D6B525 /* NotifyService.swift in Sources */ = {isa = PBXBuildFile; fileRef = 53F3802726EB6F6B00D6B525 /* NotifyService.swift */; };
		53F4D2A026C43C690020167C /* Log.swift in Sources */ = {isa = PBXBuildFile; fileRef = 53F4D29F26C43C690020167C /* Log.swift */; };
		53F50C4926E3CA42007AD2D3 /* AppLibraryView.swift in Sources */ = {isa = PBXBuildFile; fileRef = 53F50C4826E3CA42007AD2D3 /* AppLibraryView.swift */; };
		68E48B952957046D00C39879 /* DownloadManager in Frameworks */ = {isa = PBXBuildFile; productRef = 68E48B942957046D00C39879 /* DownloadManager */; };
		68E48B9A295708C800C39879 /* Injection in Frameworks */ = {isa = PBXBuildFile; productRef = 68E48B99295708C800C39879 /* Injection */; };
		68E48B9C295709C000C39879 /* Cacher.swift in Sources */ = {isa = PBXBuildFile; fileRef = 68E48B9B295709BF00C39879 /* Cacher.swift */; };
		68E48B9F29570A0400C39879 /* DataCache in Frameworks */ = {isa = PBXBuildFile; productRef = 68E48B9E29570A0400C39879 /* DataCache */; };
		6E25096F297F5032004D754C /* FileExtensions.swift in Sources */ = {isa = PBXBuildFile; fileRef = 6E25096E297F5032004D754C /* FileExtensions.swift */; };
		6E250971297F5281004D754C /* SigningSetupView.swift in Sources */ = {isa = PBXBuildFile; fileRef = 6E250970297F5281004D754C /* SigningSetupView.swift */; };
		6E550A8B29BA507200EFC15C /* Macho.swift in Sources */ = {isa = PBXBuildFile; fileRef = 6E550A8A29BA507200EFC15C /* Macho.swift */; };
		6E5C68BA289865C8008EC11B /* MainView.swift in Sources */ = {isa = PBXBuildFile; fileRef = 6E5C68B9289865C8008EC11B /* MainView.swift */; };
		6E66B0D528A0039D0099B907 /* ToastView.swift in Sources */ = {isa = PBXBuildFile; fileRef = 6E66B0D428A0039D0099B907 /* ToastView.swift */; };
		6E66B0D928A135360099B907 /* ToastVM.swift in Sources */ = {isa = PBXBuildFile; fileRef = 6E66B0D828A135360099B907 /* ToastVM.swift */; };
		6E7CA16528B4D02900216CD8 /* ITunesResponse.swift in Sources */ = {isa = PBXBuildFile; fileRef = 6E7CA16428B4D02900216CD8 /* ITunesResponse.swift */; };
		6E7CA16728B4EEAE00216CD8 /* KeymapData.swift in Sources */ = {isa = PBXBuildFile; fileRef = 6E7CA16628B4EEAE00216CD8 /* KeymapData.swift */; };
		6EB4B57428C93E0600630890 /* LegacySettings.swift in Sources */ = {isa = PBXBuildFile; fileRef = 6EB4B57328C93E0600630890 /* LegacySettings.swift */; };
		6ECB1D0E29798DFA00CD92AA /* DataExtensions.swift in Sources */ = {isa = PBXBuildFile; fileRef = 6ECB1D0D29798DFA00CD92AA /* DataExtensions.swift */; };
		6ED6ACA428A949A30040D234 /* AppSettingsView.swift in Sources */ = {isa = PBXBuildFile; fileRef = 6ED6ACA328A949A30040D234 /* AppSettingsView.swift */; };
		6EF893D528F34CD1004AB6D9 /* NetworkVM.swift in Sources */ = {isa = PBXBuildFile; fileRef = 6EF893D428F34CD1004AB6D9 /* NetworkVM.swift */; };
		8783CFFB26B8C52D00171041 /* OphanimApp.swift in Sources */ = {isa = PBXBuildFile; fileRef = 8783CFFA26B8C52D00171041 /* OphanimApp.swift */; };
		8783CFFF26B8C52E00171041 /* Assets.xcassets in Resources */ = {isa = PBXBuildFile; fileRef = 8783CFFE26B8C52E00171041 /* Assets.xcassets */; };
		8783D00226B8C52E00171041 /* Preview Assets.xcassets in Resources */ = {isa = PBXBuildFile; fileRef = 8783D00126B8C52E00171041 /* Preview Assets.xcassets */; };
		8783D00B26B8C9E600171041 /* URLExtensions.swift in Sources */ = {isa = PBXBuildFile; fileRef = 8783D00A26B8C9E600171041 /* URLExtensions.swift */; };
		923421F7275F40300030CD7D /* AppContainer.swift in Sources */ = {isa = PBXBuildFile; fileRef = 923421F6275F40300030CD7D /* AppContainer.swift */; };
		9272F19E273B74C800DFBEF1 /* AppsVM.swift in Sources */ = {isa = PBXBuildFile; fileRef = 9272F19C273B74C800DFBEF1 /* AppsVM.swift */; };
		9280871B2824A8D20034C510 /* SoundDeviceService.swift in Sources */ = {isa = PBXBuildFile; fileRef = 9280871A2824A8D20034C510 /* SoundDeviceService.swift */; };
		9286D296273A7E4200958DD3 /* AppSettings.swift in Sources */ = {isa = PBXBuildFile; fileRef = 9286D295273A7E4200958DD3 /* AppSettings.swift */; };
		928C01D9272E162C007EB2DF /* InstallVM.swift in Sources */ = {isa = PBXBuildFile; fileRef = 928C01D8272E162C007EB2DF /* InstallVM.swift */; };
		92A8AAC9275EFEA800D89B50 /* SystemConfig.swift in Sources */ = {isa = PBXBuildFile; fileRef = 92A8AAC8275EFEA800D89B50 /* SystemConfig.swift */; };
		92B4D38F2737CF3D0001D7BB /* Galgal.swift in Sources */ = {isa = PBXBuildFile; fileRef = 92B4D38E2737CF3D0001D7BB /* Galgal.swift */; };
		92ECD8A3274E75CD00DB7AC6 /* Installer.swift in Sources */ = {isa = PBXBuildFile; fileRef = 92ECD8A2274E75CD00DB7AC6 /* Installer.swift */; };
		92ECD8A5274E763700DB7AC6 /* IPA.swift in Sources */ = {isa = PBXBuildFile; fileRef = 92ECD8A4274E763700DB7AC6 /* IPA.swift */; };
		92ECD8AE274E787200DB7AC6 /* AppInfo.swift in Sources */ = {isa = PBXBuildFile; fileRef = 92ECD8AD274E787200DB7AC6 /* AppInfo.swift */; };
		92EE06D0274EA433002C907B /* BaseApp.swift in Sources */ = {isa = PBXBuildFile; fileRef = 92EE06CF274EA433002C907B /* BaseApp.swift */; };
		92EE06D4274EA604002C907B /* HostedAppView.swift in Sources */ = {isa = PBXBuildFile; fileRef = 92EE06D3274EA604002C907B /* HostedAppView.swift */; };
		92EE06DA274EB009002C907B /* HostedApp.swift in Sources */ = {isa = PBXBuildFile; fileRef = 92EE06D9274EB009002C907B /* HostedApp.swift */; };
		92EE06DE274EC09F002C907B /* Entitlements.swift in Sources */ = {isa = PBXBuildFile; fileRef = 92EE06DD274EC09F002C907B /* Entitlements.swift */; };
		92F8500A27675124005CE6BE /* AppIntegrity.swift in Sources */ = {isa = PBXBuildFile; fileRef = 92F8500927675124005CE6BE /* AppIntegrity.swift */; };
		A25930F42C49E2BC0006C91C /* HostedAppVM.swift in Sources */ = {isa = PBXBuildFile; fileRef = A25930F32C49E2BC0006C91C /* HostedAppVM.swift */; };
		AA719649287A0E2500623C15 /* default.yaml in Resources */ = {isa = PBXBuildFile; fileRef = AA719647287A0E2500623C15 /* default.yaml */; };
		AA71964B287A0EA800623C15 /* SandboxRules.swift in Sources */ = {isa = PBXBuildFile; fileRef = AA71964A287A0EA800623C15 /* SandboxRules.swift */; };
		AA818CB5287ABEC3000BEE9D /* Yams in Frameworks */ = {isa = PBXBuildFile; productRef = AA818CB4287ABEC3000BEE9D /* Yams */; };
		AAE2F78F2F725632001336C9 /* ViewExtensions.swift in Sources */ = {isa = PBXBuildFile; fileRef = AAE2F78E2F72562E001336C9 /* ViewExtensions.swift */; };
		AB00EB5229A7BF17006F3225 /* KeyCover.swift in Sources */ = {isa = PBXBuildFile; fileRef = AB00EB5129A7BF17006F3225 /* KeyCover.swift */; };
		AB6F21EB299B7FA20078ADEC /* URLHandler.swift in Sources */ = {isa = PBXBuildFile; fileRef = AB6F21EA299B7FA20078ADEC /* URLHandler.swift */; };
		ABBC85B92B7C5CBA00DCF223 /* ModifierKeyObserver.swift in Sources */ = {isa = PBXBuildFile; fileRef = ABBC85B82B7C5CBA00DCF223 /* ModifierKeyObserver.swift */; };
		ABDAD80629893CF900DC164F /* KeyCoverSetupViews.swift in Sources */ = {isa = PBXBuildFile; fileRef = ABDAD80529893CF900DC164F /* KeyCoverSetupViews.swift */; };
		ABDAD80A29893EA300DC164F /* KeyCoverSettings.swift in Sources */ = {isa = PBXBuildFile; fileRef = ABDAD80929893EA300DC164F /* KeyCoverSettings.swift */; };
		ABDAD80C298A1E3E00DC164F /* KeyCoverViews.swift in Sources */ = {isa = PBXBuildFile; fileRef = ABDAD80B298A1E3E00DC164F /* KeyCoverViews.swift */; };
		ABED59832887A32F004D782B /* MenuBarView.swift in Sources */ = {isa = PBXBuildFile; fileRef = ABED59822887A32F004D782B /* MenuBarView.swift */; };
		B1084E1F28AA80F400E399FA /* AppSettingsVM.swift in Sources */ = {isa = PBXBuildFile; fileRef = B1084E1E28AA80F400E399FA /* AppSettingsVM.swift */; };
		B17FD03C28C70C2100B1D4CA /* CoreUI.framework in Frameworks */ = {isa = PBXBuildFile; fileRef = B17FD03828C70BAE00B1D4CA /* CoreUI.framework */; };
		B17FD04728C7B0D900B1D4CA /* AssetsExtractor.swift in Sources */ = {isa = PBXBuildFile; fileRef = B17FD04628C7B0D900B1D4CA /* AssetsExtractor.swift */; };
		B44E8CD32C31C50200542038 /* SwiftSoup in Frameworks */ = {isa = PBXBuildFile; productRef = B44E8CD22C31C50200542038 /* SwiftSoup */; };
		B6603E1128E206A300DEFA3F /* UninstallSettings.swift in Sources */ = {isa = PBXBuildFile; fileRef = B6603E1028E206A300DEFA3F /* UninstallSettings.swift */; };
		B6603E1328E2257800DEFA3F /* Uninstaller.swift in Sources */ = {isa = PBXBuildFile; fileRef = B6603E1228E2257800DEFA3F /* Uninstaller.swift */; };
		B67BC7122C39354C00315011 /* UpdateScheme.swift in Sources */ = {isa = PBXBuildFile; fileRef = B67BC7112C39354500315011 /* UpdateScheme.swift */; };
		B67BC7162C3951E700315011 /* KeymapView.swift in Sources */ = {isa = PBXBuildFile; fileRef = B67BC7152C3951E500315011 /* KeymapView.swift */; };
		B6825C3528F3D23600E3015A /* InstallSettings.swift in Sources */ = {isa = PBXBuildFile; fileRef = B6825C3428F3D23600E3015A /* InstallSettings.swift */; };
		B68FD80D2ACB642100683778 /* HostedAppExtensions.swift in Sources */ = {isa = PBXBuildFile; fileRef = B68FD80C2ACB642100683778 /* HostedAppExtensions.swift */; };
		B6AB53C929232B4F00039B2E /* KeyCodeNames.swift in Sources */ = {isa = PBXBuildFile; fileRef = B6AB53C829232B4F00039B2E /* KeyCodeNames.swift */; };
		B6ABDA2A2971EEF700A46E80 /* ProgressVM.swift in Sources */ = {isa = PBXBuildFile; fileRef = B6ABDA292971EEF700A46E80 /* ProgressVM.swift */; };
/* End PBXBuildFile section */

/* Begin PBXFileReference section */
		FE9404A777ED8EC9 /* MainDispatch.swift */ = {isa = PBXFileReference; lastKnownFileType = sourcecode.swift; name = MainDispatch.swift; path = Ophanim/Core/Support/MainDispatch.swift; sourceTree = SOURCE_ROOT; };
		FE918903B6214035 /* EventNotifier.swift */ = {isa = PBXFileReference; lastKnownFileType = sourcecode.swift; name = EventNotifier.swift; path = Ophanim/Core/MCP/Transports/EventNotifier.swift; sourceTree = SOURCE_ROOT; };
		1A8CFB20714ECE7A /* AppInstalls.swift */ = {isa = PBXFileReference; lastKnownFileType = sourcecode.swift; name = AppInstalls.swift; path = Ophanim/Features/Install/AppInstalls.swift; sourceTree = SOURCE_ROOT; };
		B148FA802FF6AA9F /* LogStore.swift */ = {isa = PBXFileReference; lastKnownFileType = sourcecode.swift; name = LogStore.swift; path = Ophanim/Core/Services/LogStore.swift; sourceTree = SOURCE_ROOT; };
		D0AFC45CED613C86 /* OPCrashCorrelator.swift */ = {isa = PBXFileReference; lastKnownFileType = sourcecode.swift; name = OPCrashCorrelator.swift; path = Ophanim/Core/Services/OPCrashCorrelator.swift; sourceTree = SOURCE_ROOT; };
		643346C5B61688F3 /* OPCrashWriter.swift */ = {isa = PBXFileReference; lastKnownFileType = sourcecode.swift; name = OPCrashWriter.swift; path = OphanimCore/crash/OPCrashWriter.swift; sourceTree = SOURCE_ROOT; };
		8FAB8F28C1229B11 /* OPCrashRecord.swift */ = {isa = PBXFileReference; lastKnownFileType = sourcecode.swift; name = OPCrashRecord.swift; path = OphanimCore/crash/OPCrashRecord.swift; sourceTree = SOURCE_ROOT; };
		B551BAF6C559FDE3 /* AppSettingsWindow.swift */ = {isa = PBXFileReference; lastKnownFileType = sourcecode.swift; name = AppSettingsWindow.swift; path = Ophanim/Features/AppSettings/AppSettingsWindow.swift; sourceTree = SOURCE_ROOT; };
		F9C632249BBFC8BD /* InspectTools.swift */ = {isa = PBXFileReference; lastKnownFileType = sourcecode.swift; name = InspectTools.swift; path = Ophanim/Core/MCP/Tools/Inspect/InspectTools.swift; sourceTree = SOURCE_ROOT; };
		4E17E960CFFEACBF /* OPAppLiveness.swift */ = {isa = PBXFileReference; lastKnownFileType = sourcecode.swift; name = OPAppLiveness.swift; path = Ophanim/Core/Services/OPAppLiveness.swift; sourceTree = SOURCE_ROOT; };
		152221A2059674F5 /* SnapshotStore.swift */ = {isa = PBXFileReference; lastKnownFileType = sourcecode.swift; name = SnapshotStore.swift; path = Ophanim/Core/Services/SnapshotStore.swift; sourceTree = SOURCE_ROOT; };
		2E3D0C3B16EA77D0 /* BookmarkStore.swift */ = {isa = PBXFileReference; lastKnownFileType = sourcecode.swift; name = BookmarkStore.swift; path = Ophanim/Core/Services/BookmarkStore.swift; sourceTree = SOURCE_ROOT; };
		4779F07505F5DF99 /* InspectService.swift */ = {isa = PBXFileReference; lastKnownFileType = sourcecode.swift; name = InspectService.swift; path = Ophanim/Core/MCP/Services/InspectService.swift; sourceTree = SOURCE_ROOT; };
		EC90C27EE3F316C0 /* InspectGate.swift */ = {isa = PBXFileReference; lastKnownFileType = sourcecode.swift; name = InspectGate.swift; path = Ophanim/Core/MCP/InspectGate.swift; sourceTree = SOURCE_ROOT; };
		7129536E6D2311B4 /* InspectRequest.swift */ = {isa = PBXFileReference; lastKnownFileType = sourcecode.swift; name = InspectRequest.swift; path = Galgal/Galgal/Inspect/InspectRequest.swift; sourceTree = SOURCE_ROOT; };
		5BF36BBEDA431028 /* MCPTimeouts.swift */ = {isa = PBXFileReference; lastKnownFileType = sourcecode.swift; name = MCPTimeouts.swift; path = Ophanim/Core/MCP/MCPTimeouts.swift; sourceTree = SOURCE_ROOT; };
		2D73451F9FFF0D2B /* TweakTools.swift */ = {isa = PBXFileReference; lastKnownFileType = sourcecode.swift; name = TweakTools.swift; path = Ophanim/Core/MCP/Tools/Tweaks/TweakTools.swift; sourceTree = SOURCE_ROOT; };
		DF53023CB47A543F /* ContainerTools.swift */ = {isa = PBXFileReference; lastKnownFileType = sourcecode.swift; name = ContainerTools.swift; path = Ophanim/Core/MCP/Tools/Containers/ContainerTools.swift; sourceTree = SOURCE_ROOT; };
		1E4ADF9344E6F37E /* TweakStoreService.swift */ = {isa = PBXFileReference; lastKnownFileType = sourcecode.swift; name = TweakStoreService.swift; path = Ophanim/Core/MCP/Services/TweakStoreService.swift; sourceTree = SOURCE_ROOT; };
		1709F3002601F328 /* ContainerService.swift */ = {isa = PBXFileReference; lastKnownFileType = sourcecode.swift; name = ContainerService.swift; path = Ophanim/Core/MCP/Services/ContainerService.swift; sourceTree = SOURCE_ROOT; };
		C8B04E7B3498E422 /* SourceInstalls.swift */ = {isa = PBXFileReference; lastKnownFileType = sourcecode.swift; name = SourceInstalls.swift; path = Ophanim/Features/Sources/SourceInstalls.swift; sourceTree = SOURCE_ROOT; };
		B48C799E7018F704 /* AppSources.swift */ = {isa = PBXFileReference; lastKnownFileType = sourcecode.swift; name = AppSources.swift; path = Ophanim/Features/Sources/AppSources.swift; sourceTree = SOURCE_ROOT; };
		E51CC374D4283408 /* IPAValidate.swift */ = {isa = PBXFileReference; lastKnownFileType = sourcecode.swift; name = IPAValidate.swift; path = Ophanim/Features/Sources/IPAValidate.swift; sourceTree = SOURCE_ROOT; };
		3FD95F49140C6F71 /* AppSourcesView.swift */ = {isa = PBXFileReference; lastKnownFileType = sourcecode.swift; name = AppSourcesView.swift; path = Ophanim/Features/Sources/AppSourcesView.swift; sourceTree = SOURCE_ROOT; };
		3DF59B7004FB0A44 /* SourceTools.swift */ = {isa = PBXFileReference; lastKnownFileType = sourcecode.swift; name = SourceTools.swift; path = Ophanim/Core/MCP/Tools/Sources/SourceTools.swift; sourceTree = SOURCE_ROOT; };
		01F370A4547DBF7E /* ContainerPane.swift */ = {isa = PBXFileReference; lastKnownFileType = sourcecode.swift; name = ContainerPane.swift; path = Ophanim/Features/AppSettings/ContainerPane.swift; sourceTree = SOURCE_ROOT; };
		AD096AB0B5DDCBB4 /* TweakLibraryPane.swift */ = {isa = PBXFileReference; lastKnownFileType = sourcecode.swift; name = TweakLibraryPane.swift; path = Ophanim/Features/AppSettings/TweakLibraryPane.swift; sourceTree = SOURCE_ROOT; };
		B45A4B3DDF464D98 /* TweakLibraryVM.swift */ = {isa = PBXFileReference; lastKnownFileType = sourcecode.swift; name = TweakLibraryVM.swift; path = Ophanim/Core/ViewModel/TweakLibraryVM.swift; sourceTree = SOURCE_ROOT; };
		C8B0F418327A18E0 /* ContainerProfiles.swift */ = {isa = PBXFileReference; lastKnownFileType = sourcecode.swift; name = ContainerProfiles.swift; path = Ophanim/Core/Model/ContainerProfiles.swift; sourceTree = SOURCE_ROOT; };
		524C5951AAFBDC97 /* EventPretty.swift */ = {isa = PBXFileReference; lastKnownFileType = sourcecode.swift; name = EventPretty.swift; path = Ophanim/Features/Recon/EventPretty.swift; sourceTree = SOURCE_ROOT; };
		C0F81A91659E960A /* Controls.swift */ = {isa = PBXFileReference; lastKnownFileType = sourcecode.swift; name = Controls.swift; path = Ophanim/DesignSystem/Controls.swift; sourceTree = SOURCE_ROOT; };
		24C13AF73619B1C6 /* PlistReader.swift */ = {isa = PBXFileReference; lastKnownFileType = sourcecode.swift; name = PlistReader.swift; path = Ophanim/Core/Support/PlistReader.swift; sourceTree = SOURCE_ROOT; };
		9087A86A5DC671E8 /* ResolutionMath.swift */ = {isa = PBXFileReference; lastKnownFileType = sourcecode.swift; name = ResolutionMath.swift; path = Ophanim/Core/Support/ResolutionMath.swift; sourceTree = SOURCE_ROOT; };
		0768B6168B08B627 /* JBBypassCatalog.swift */ = {isa = PBXFileReference; lastKnownFileType = sourcecode.swift; name = JBBypassCatalog.swift; path = Ophanim/Core/Model/JBBypassCatalog.swift; sourceTree = SOURCE_ROOT; };
		50B2484B3BABE223 /* HostedApp+Environment.swift */ = {isa = PBXFileReference; lastKnownFileType = sourcecode.swift; name = "HostedApp+Environment.swift"; path = "Ophanim/Core/Model/HostedApp+Environment.swift"; sourceTree = SOURCE_ROOT; };
		BE182F7996141C5D /* HostedApp+Power.swift */ = {isa = PBXFileReference; lastKnownFileType = sourcecode.swift; name = "HostedApp+Power.swift"; path = "Ophanim/Core/Model/HostedApp+Power.swift"; sourceTree = SOURCE_ROOT; };
		E16D93A5FD4D73CE /* HostedApp+KeyCover.swift */ = {isa = PBXFileReference; lastKnownFileType = sourcecode.swift; name = "HostedApp+KeyCover.swift"; path = "Ophanim/Core/Model/HostedApp+KeyCover.swift"; sourceTree = SOURCE_ROOT; };
		8C99F8F38CB1F9F5 /* HostedApp+Tools.swift */ = {isa = PBXFileReference; lastKnownFileType = sourcecode.swift; name = "HostedApp+Tools.swift"; path = "Ophanim/Core/Model/HostedApp+Tools.swift"; sourceTree = SOURCE_ROOT; };
		BCBD33DB5B867DF1 /* HostedApp+Files.swift */ = {isa = PBXFileReference; lastKnownFileType = sourcecode.swift; name = "HostedApp+Files.swift"; path = "Ophanim/Core/Model/HostedApp+Files.swift"; sourceTree = SOURCE_ROOT; };
		900502EE8C0E1C7C /* ToolRouter.swift */ = {isa = PBXFileReference; lastKnownFileType = sourcecode.swift; name = ToolRouter.swift; path = Ophanim/Core/MCP/ToolRouter.swift; sourceTree = SOURCE_ROOT; };
		220847F9046C01C1 /* AppTools.swift */ = {isa = PBXFileReference; lastKnownFileType = sourcecode.swift; name = AppTools.swift; path = Ophanim/Core/MCP/Tools/Apps/AppTools.swift; sourceTree = SOURCE_ROOT; };
		3765949B44E0A21E /* EventTools.swift */ = {isa = PBXFileReference; lastKnownFileType = sourcecode.swift; name = EventTools.swift; path = Ophanim/Core/MCP/Tools/Events/EventTools.swift; sourceTree = SOURCE_ROOT; };
		056DEEFFE3AD0AF6 /* ReconTools.swift */ = {isa = PBXFileReference; lastKnownFileType = sourcecode.swift; name = ReconTools.swift; path = Ophanim/Core/MCP/Tools/Recon/ReconTools.swift; sourceTree = SOURCE_ROOT; };
		7001A1159010CAFE /* SuggestTools.swift */ = {isa = PBXFileReference; lastKnownFileType = sourcecode.swift; name = SuggestTools.swift; path = Ophanim/Core/MCP/Tools/Recon/SuggestTools.swift; sourceTree = SOURCE_ROOT; };
		8AC7C7D95F6CB3C2 /* HookTools.swift */ = {isa = PBXFileReference; lastKnownFileType = sourcecode.swift; name = HookTools.swift; path = Ophanim/Core/MCP/Tools/Hooks/HookTools.swift; sourceTree = SOURCE_ROOT; };
		4348A085B12A9469 /* RuleTools.swift */ = {isa = PBXFileReference; lastKnownFileType = sourcecode.swift; name = RuleTools.swift; path = Ophanim/Core/MCP/Tools/Hooks/RuleTools.swift; sourceTree = SOURCE_ROOT; };
		86C5858FBCEEE0E6 /* ConfigTools.swift */ = {isa = PBXFileReference; lastKnownFileType = sourcecode.swift; name = ConfigTools.swift; path = Ophanim/Core/MCP/Tools/Config/ConfigTools.swift; sourceTree = SOURCE_ROOT; };
		5AED5DF901EE05DC /* StdioTransport.swift */ = {isa = PBXFileReference; lastKnownFileType = sourcecode.swift; name = StdioTransport.swift; path = Ophanim/Core/MCP/Transports/StdioTransport.swift; sourceTree = SOURCE_ROOT; };
		9E70BEBCBB434C08 /* HTTPTransport.swift */ = {isa = PBXFileReference; lastKnownFileType = sourcecode.swift; name = HTTPTransport.swift; path = Ophanim/Core/MCP/Transports/HTTPTransport.swift; sourceTree = SOURCE_ROOT; };
		1E79EE123C632373 /* AppQueryService.swift */ = {isa = PBXFileReference; lastKnownFileType = sourcecode.swift; name = AppQueryService.swift; path = Ophanim/Core/MCP/Services/AppQueryService.swift; sourceTree = SOURCE_ROOT; };
		550DAF5401731081 /* SettingsStore.swift */ = {isa = PBXFileReference; lastKnownFileType = sourcecode.swift; name = SettingsStore.swift; path = Ophanim/Core/MCP/Services/SettingsStore.swift; sourceTree = SOURCE_ROOT; };
		F4BCF3C93514DBED /* ReportBuilder.swift */ = {isa = PBXFileReference; lastKnownFileType = sourcecode.swift; name = ReportBuilder.swift; path = Ophanim/Core/MCP/Services/ReportBuilder.swift; sourceTree = SOURCE_ROOT; };
		EAB948873F0F2EA5 /* GraphicsPane.swift */ = {isa = PBXFileReference; lastKnownFileType = sourcecode.swift; name = GraphicsPane.swift; path = Ophanim/Features/AppSettings/GraphicsPane.swift; sourceTree = SOURCE_ROOT; };
		0696BE3C138F13FF /* KeymappingPane.swift */ = {isa = PBXFileReference; lastKnownFileType = sourcecode.swift; name = KeymappingPane.swift; path = Ophanim/Features/AppSettings/KeymappingPane.swift; sourceTree = SOURCE_ROOT; };
		90BB9421D69FD643 /* BypassesPane.swift */ = {isa = PBXFileReference; lastKnownFileType = sourcecode.swift; name = BypassesPane.swift; path = Ophanim/Features/AppSettings/BypassesPane.swift; sourceTree = SOURCE_ROOT; };
		D324648A50A21929 /* InfoPane.swift */ = {isa = PBXFileReference; lastKnownFileType = sourcecode.swift; name = InfoPane.swift; path = Ophanim/Features/AppSettings/InfoPane.swift; sourceTree = SOURCE_ROOT; };
		88C525977E937028 /* SettingsWindowManager.swift */ = {isa = PBXFileReference; lastKnownFileType = sourcecode.swift; name = SettingsWindowManager.swift; path = Ophanim/Features/Rules/SettingsWindowManager.swift; sourceTree = SOURCE_ROOT; };
		36D4A6EAA09E20FC /* ObjCHooksEditor.swift */ = {isa = PBXFileReference; lastKnownFileType = sourcecode.swift; name = ObjCHooksEditor.swift; path = Ophanim/Features/Rules/ObjCHooksEditor.swift; sourceTree = SOURCE_ROOT; };
		073D818FBD8FC133 /* SwiftHooksEditor.swift */ = {isa = PBXFileReference; lastKnownFileType = sourcecode.swift; name = SwiftHooksEditor.swift; path = Ophanim/Features/Rules/SwiftHooksEditor.swift; sourceTree = SOURCE_ROOT; };
		94A87C8F0FE614E7 /* InlineHooksEditor.swift */ = {isa = PBXFileReference; lastKnownFileType = sourcecode.swift; name = InlineHooksEditor.swift; path = Ophanim/Features/Rules/InlineHooksEditor.swift; sourceTree = SOURCE_ROOT; };
		FACE00000000000000000704 /* RulesEditorView.swift */ = {isa = PBXFileReference; lastKnownFileType = sourcecode.swift; name = RulesEditorView.swift; path = Ophanim/Features/Rules/RulesEditorView.swift; sourceTree = SOURCE_ROOT; };
		FACE00000000000000000702 /* LogViewerView.swift */ = {isa = PBXFileReference; lastKnownFileType = sourcecode.swift; name = LogViewerView.swift; path = Ophanim/Features/Recon/LogViewerView.swift; sourceTree = SOURCE_ROOT; };
		FACE00000000000000000706 /* ReconView.swift */ = {isa = PBXFileReference; lastKnownFileType = sourcecode.swift; name = ReconView.swift; path = Ophanim/Features/Recon/ReconView.swift; sourceTree = SOURCE_ROOT; };
		FACE00000000000000000700 /* InstrumentationSettings.swift */ = {isa = PBXFileReference; lastKnownFileType = sourcecode.swift; name = InstrumentationSettings.swift; path = Ophanim/Features/AppSettings/InstrumentationSettings.swift; sourceTree = SOURCE_ROOT; };
		FACE00000000000000000400 /* OPEvent.swift */ = {isa = PBXFileReference; lastKnownFileType = sourcecode.swift; name = OPEvent.swift; path = OphanimCore/policy/OPEvent.swift; sourceTree = SOURCE_ROOT; };
		FACE00000000000000000401 /* OPConfig.swift */ = {isa = PBXFileReference; lastKnownFileType = sourcecode.swift; name = OPConfig.swift; path = OphanimCore/policy/OPConfig.swift; sourceTree = SOURCE_ROOT; };
		FACE00000000000000000A02 /* MCPServer.swift */ = {isa = PBXFileReference; lastKnownFileType = sourcecode.swift; name = MCPServer.swift; path = Ophanim/Core/MCP/MCPServer.swift; sourceTree = SOURCE_ROOT; };
		342787542E787EB9003A3C2F /* Keymapping.swift */ = {isa = PBXFileReference; lastKnownFileType = sourcecode.swift; path = Ophanim/Features/Keymap/Keymapping.swift; sourceTree = SOURCE_ROOT; };
		3447B5E42E28B46800FAA22F /* KeymapViewVM.swift */ = {isa = PBXFileReference; lastKnownFileType = sourcecode.swift; path = Ophanim/Core/ViewModel/KeymapViewVM.swift; sourceTree = SOURCE_ROOT; };
		349915322F8866A3005565D1 /* AppIcon.icon */ = {isa = PBXFileReference; lastKnownFileType = folder.iconcomposer.icon; path = AppIcon.icon; sourceTree = "<group>"; };
		349915342F8866A8005565D1 /* AppIcon.dev.icon */ = {isa = PBXFileReference; lastKnownFileType = folder.iconcomposer.icon; path = AppIcon.dev.icon; sourceTree = "<group>"; };
		3665EF8828832400007CF915 /* OphanimSettingsView.swift */ = {isa = PBXFileReference; lastKnownFileType = sourcecode.swift; path = Ophanim/Features/AppSettings/OphanimSettingsView.swift; sourceTree = SOURCE_ROOT; usesTabs = 0; };
		5314D1ED26C402EC00A0A727 /* Shell.swift */ = {isa = PBXFileReference; lastKnownFileType = sourcecode.swift; path = Ophanim/Core/Support/Shell.swift; sourceTree = SOURCE_ROOT; };
		532644E126E79E5C002EA34D /* en */ = {isa = PBXFileReference; lastKnownFileType = text.plist.strings; name = en; path = en.lproj/Localizable.strings; sourceTree = "<group>"; };
		53468A3E271236A800887A08 /* BaseBoard.tbd */ = {isa = PBXFileReference; lastKnownFileType = "sourcecode.text-based-dylib-definition"; name = BaseBoard.tbd; path = Platforms/MacOSX.platform/Developer/SDKs/MacOSX.sdk/System/Library/PrivateFrameworks/BaseBoard.framework/Versions/A/BaseBoard.tbd; sourceTree = DEVELOPER_DIR; };
		53468A452712632800887A08 /* Security.tbd */ = {isa = PBXFileReference; lastKnownFileType = "sourcecode.text-based-dylib-definition"; name = Security.tbd; path = Platforms/MacOSX.platform/Developer/SDKs/MacOSX.sdk/System/Library/Frameworks/Security.framework/Versions/A/Security.tbd; sourceTree = DEVELOPER_DIR; };
		53468A4A2712917900887A08 /* libmis.tbd */ = {isa = PBXFileReference; lastKnownFileType = "sourcecode.text-based-dylib-definition"; name = libmis.tbd; path = Platforms/MacOSX.platform/Developer/SDKs/MacOSX.sdk/usr/lib/libmis.tbd; sourceTree = DEVELOPER_DIR; };
		53841CC926D9D7920021D27C /* XCTest.framework */ = {isa = PBXFileReference; lastKnownFileType = wrapper.framework; name = XCTest.framework; path = Platforms/iPhoneOS.platform/Developer/Library/Frameworks/XCTest.framework; sourceTree = DEVELOPER_DIR; };
		53D9DAF226C1849D0071959E /* OphanimError.swift */ = {isa = PBXFileReference; lastKnownFileType = sourcecode.swift; path = Ophanim/Core/Support/OphanimError.swift; sourceTree = SOURCE_ROOT; };
		53F3802726EB6F6B00D6B525 /* NotifyService.swift */ = {isa = PBXFileReference; lastKnownFileType = sourcecode.swift; path = Ophanim/Core/Services/NotifyService.swift; sourceTree = SOURCE_ROOT; };
		53F4D29F26C43C690020167C /* Log.swift */ = {isa = PBXFileReference; lastKnownFileType = sourcecode.swift; path = Ophanim/Core/ViewModel/Log.swift; sourceTree = SOURCE_ROOT; };
		53F50C4826E3CA42007AD2D3 /* AppLibraryView.swift */ = {isa = PBXFileReference; lastKnownFileType = sourcecode.swift; path = Ophanim/Features/AppLibrary/AppLibraryView.swift; sourceTree = SOURCE_ROOT; };
		68E48B9B295709BF00C39879 /* Cacher.swift */ = {isa = PBXFileReference; fileEncoding = 4; lastKnownFileType = sourcecode.swift; path = Ophanim/Core/Services/Cacher.swift; sourceTree = SOURCE_ROOT; };
		6E25096E297F5032004D754C /* FileExtensions.swift */ = {isa = PBXFileReference; lastKnownFileType = sourcecode.swift; path = Ophanim/Core/Support/Extensions/FileExtensions.swift; sourceTree = SOURCE_ROOT; };
		6E250970297F5281004D754C /* SigningSetupView.swift */ = {isa = PBXFileReference; fileEncoding = 4; lastKnownFileType = sourcecode.swift; path = Ophanim/Features/Onboarding/SigningSetupView.swift; sourceTree = SOURCE_ROOT; };
		6E550A8A29BA507200EFC15C /* Macho.swift */ = {isa = PBXFileReference; fileEncoding = 4; lastKnownFileType = sourcecode.swift; path = Ophanim/Features/Install/Macho.swift; sourceTree = SOURCE_ROOT; };
		6E5C68B9289865C8008EC11B /* MainView.swift */ = {isa = PBXFileReference; lastKnownFileType = sourcecode.swift; path = Ophanim/App/MainView.swift; sourceTree = SOURCE_ROOT; };
		6E66B0D428A0039D0099B907 /* ToastView.swift */ = {isa = PBXFileReference; lastKnownFileType = sourcecode.swift; path = Ophanim/DesignSystem/ToastView.swift; sourceTree = SOURCE_ROOT; };
		6E66B0D828A135360099B907 /* ToastVM.swift */ = {isa = PBXFileReference; lastKnownFileType = sourcecode.swift; path = Ophanim/Core/ViewModel/ToastVM.swift; sourceTree = SOURCE_ROOT; };
		6E7CA16428B4D02900216CD8 /* ITunesResponse.swift */ = {isa = PBXFileReference; lastKnownFileType = sourcecode.swift; path = Ophanim/Core/Model/ITunesResponse.swift; sourceTree = SOURCE_ROOT; };
		6E7CA16628B4EEAE00216CD8 /* KeymapData.swift */ = {isa = PBXFileReference; lastKnownFileType = sourcecode.swift; path = Ophanim/Core/Model/KeymapData.swift; sourceTree = SOURCE_ROOT; };
		6EB4B57328C93E0600630890 /* LegacySettings.swift */ = {isa = PBXFileReference; lastKnownFileType = sourcecode.swift; path = Ophanim/Core/Support/LegacySettings.swift; sourceTree = SOURCE_ROOT; };
		6ECB1D0D29798DFA00CD92AA /* DataExtensions.swift */ = {isa = PBXFileReference; lastKnownFileType = sourcecode.swift; path = Ophanim/Core/Support/Extensions/DataExtensions.swift; sourceTree = SOURCE_ROOT; };
		6ED6ACA328A949A30040D234 /* AppSettingsView.swift */ = {isa = PBXFileReference; lastKnownFileType = sourcecode.swift; path = Ophanim/Features/AppSettings/AppSettingsView.swift; sourceTree = SOURCE_ROOT; };
		6EF893D428F34CD1004AB6D9 /* NetworkVM.swift */ = {isa = PBXFileReference; lastKnownFileType = sourcecode.swift; path = Ophanim/Core/ViewModel/NetworkVM.swift; sourceTree = SOURCE_ROOT; };
		8783CFF726B8C52D00171041 /* Ophanim.app */ = {isa = PBXFileReference; explicitFileType = wrapper.application; includeInIndex = 0; path = Ophanim.app; sourceTree = BUILT_PRODUCTS_DIR; };
		8783CFFA26B8C52D00171041 /* OphanimApp.swift */ = {isa = PBXFileReference; lastKnownFileType = sourcecode.swift; path = Ophanim/App/OphanimApp.swift; sourceTree = SOURCE_ROOT; };
		8783CFFE26B8C52E00171041 /* Assets.xcassets */ = {isa = PBXFileReference; lastKnownFileType = folder.assetcatalog; path = Assets.xcassets; sourceTree = "<group>"; };
		8783D00126B8C52E00171041 /* Preview Assets.xcassets */ = {isa = PBXFileReference; lastKnownFileType = folder.assetcatalog; path = "Preview Assets.xcassets"; sourceTree = "<group>"; };
		8783D00326B8C52E00171041 /* Info.plist */ = {isa = PBXFileReference; lastKnownFileType = text.plist.xml; path = Info.plist; sourceTree = "<group>"; };
		8783D00426B8C52E00171041 /* Ophanim.entitlements */ = {isa = PBXFileReference; lastKnownFileType = text.plist.entitlements; path = Ophanim.entitlements; sourceTree = "<group>"; };
		8783D00A26B8C9E600171041 /* URLExtensions.swift */ = {isa = PBXFileReference; lastKnownFileType = sourcecode.swift; path = Ophanim/Core/Support/Extensions/URLExtensions.swift; sourceTree = SOURCE_ROOT; };
		923421F6275F40300030CD7D /* AppContainer.swift */ = {isa = PBXFileReference; fileEncoding = 4; lastKnownFileType = sourcecode.swift; path = Ophanim/Core/Model/AppContainer.swift; sourceTree = SOURCE_ROOT; };
		9272F19C273B74C800DFBEF1 /* AppsVM.swift */ = {isa = PBXFileReference; fileEncoding = 4; lastKnownFileType = sourcecode.swift; path = Ophanim/Core/ViewModel/AppsVM.swift; sourceTree = SOURCE_ROOT; };
		9280871A2824A8D20034C510 /* SoundDeviceService.swift */ = {isa = PBXFileReference; lastKnownFileType = sourcecode.swift; path = Ophanim/Core/Services/SoundDeviceService.swift; sourceTree = SOURCE_ROOT; };
		9286D295273A7E4200958DD3 /* AppSettings.swift */ = {isa = PBXFileReference; lastKnownFileType = sourcecode.swift; path = Ophanim/Core/Model/AppSettings.swift; sourceTree = SOURCE_ROOT; };
		928C01D7272DF1A2007EB2DF /* Ophanim-Bridging-Header.h */ = {isa = PBXFileReference; lastKnownFileType = sourcecode.c.h; path = Ophanim/Ophanim-Bridging-Header.h; sourceTree = SOURCE_ROOT; };
		928C01D8272E162C007EB2DF /* InstallVM.swift */ = {isa = PBXFileReference; lastKnownFileType = sourcecode.swift; path = Ophanim/Core/ViewModel/InstallVM.swift; sourceTree = SOURCE_ROOT; };
		92A8AAC8275EFEA800D89B50 /* SystemConfig.swift */ = {isa = PBXFileReference; lastKnownFileType = sourcecode.swift; path = Ophanim/Core/Support/SystemConfig.swift; sourceTree = SOURCE_ROOT; };
		92B4D38E2737CF3D0001D7BB /* Galgal.swift */ = {isa = PBXFileReference; lastKnownFileType = sourcecode.swift; path = Ophanim/Core/Services/Galgal.swift; sourceTree = SOURCE_ROOT; };
		92D79316273C065A001CC964 /* libsandbox.1.tbd */ = {isa = PBXFileReference; lastKnownFileType = "sourcecode.text-based-dylib-definition"; name = libsandbox.1.tbd; path = Platforms/iPhoneOS.platform/Developer/SDKs/iPhoneOS.sdk/usr/lib/libsandbox.1.tbd; sourceTree = DEVELOPER_DIR; };
		92ECD8A2274E75CD00DB7AC6 /* Installer.swift */ = {isa = PBXFileReference; lastKnownFileType = sourcecode.swift; path = Ophanim/Features/Install/Installer.swift; sourceTree = SOURCE_ROOT; };
		92ECD8A4274E763700DB7AC6 /* IPA.swift */ = {isa = PBXFileReference; lastKnownFileType = sourcecode.swift; path = Ophanim/Features/Install/IPA.swift; sourceTree = SOURCE_ROOT; };
		92ECD8AD274E787200DB7AC6 /* AppInfo.swift */ = {isa = PBXFileReference; lastKnownFileType = sourcecode.swift; path = Ophanim/Core/Model/AppInfo.swift; sourceTree = SOURCE_ROOT; };
		92EE06CF274EA433002C907B /* BaseApp.swift */ = {isa = PBXFileReference; lastKnownFileType = sourcecode.swift; path = Ophanim/Core/Model/BaseApp.swift; sourceTree = SOURCE_ROOT; };
		92EE06D3274EA604002C907B /* HostedAppView.swift */ = {isa = PBXFileReference; lastKnownFileType = sourcecode.swift; path = Ophanim/Features/AppLibrary/HostedAppView.swift; sourceTree = SOURCE_ROOT; };
		92EE06D9274EB009002C907B /* HostedApp.swift */ = {isa = PBXFileReference; lastKnownFileType = sourcecode.swift; path = Ophanim/Core/Model/HostedApp.swift; sourceTree = SOURCE_ROOT; };
		92EE06DD274EC09F002C907B /* Entitlements.swift */ = {isa = PBXFileReference; lastKnownFileType = sourcecode.swift; path = Ophanim/Core/Support/Entitlements.swift; sourceTree = SOURCE_ROOT; };
		92F8500927675124005CE6BE /* AppIntegrity.swift */ = {isa = PBXFileReference; lastKnownFileType = sourcecode.swift; path = Ophanim/Core/Support/AppIntegrity.swift; sourceTree = SOURCE_ROOT; };
		A25930F32C49E2BC0006C91C /* HostedAppVM.swift */ = {isa = PBXFileReference; lastKnownFileType = sourcecode.swift; path = Ophanim/Core/ViewModel/HostedAppVM.swift; sourceTree = SOURCE_ROOT; };
		AA719647287A0E2500623C15 /* default.yaml */ = {isa = PBXFileReference; fileEncoding = 4; lastKnownFileType = text.yaml; path = default.yaml; sourceTree = "<group>"; };
		AA71964A287A0EA800623C15 /* SandboxRules.swift */ = {isa = PBXFileReference; lastKnownFileType = sourcecode.swift; path = Ophanim/Core/Model/SandboxRules.swift; sourceTree = SOURCE_ROOT; };
		AA970FD228793A310099A5D0 /* OphanimRelease.entitlements */ = {isa = PBXFileReference; lastKnownFileType = text.plist.entitlements; path = OphanimRelease.entitlements; sourceTree = "<group>"; };
		AAE2F78E2F72562E001336C9 /* ViewExtensions.swift */ = {isa = PBXFileReference; lastKnownFileType = sourcecode.swift; path = Ophanim/Core/Support/Extensions/ViewExtensions.swift; sourceTree = SOURCE_ROOT; };
		AB00EB5129A7BF17006F3225 /* KeyCover.swift */ = {isa = PBXFileReference; fileEncoding = 4; lastKnownFileType = sourcecode.swift; path = Ophanim/Features/KeyCover/KeyCover.swift; sourceTree = SOURCE_ROOT; };
		AB6F21EA299B7FA20078ADEC /* URLHandler.swift */ = {isa = PBXFileReference; lastKnownFileType = sourcecode.swift; path = Ophanim/Core/Support/URLHandler.swift; sourceTree = SOURCE_ROOT; };
		ABBC85B82B7C5CBA00DCF223 /* ModifierKeyObserver.swift */ = {isa = PBXFileReference; lastKnownFileType = sourcecode.swift; path = Ophanim/Core/Support/ModifierKeyObserver.swift; sourceTree = SOURCE_ROOT; };
		ABDAD80529893CF900DC164F /* KeyCoverSetupViews.swift */ = {isa = PBXFileReference; lastKnownFileType = sourcecode.swift; path = Ophanim/Features/KeyCover/KeyCoverSetupViews.swift; sourceTree = SOURCE_ROOT; };
		ABDAD80929893EA300DC164F /* KeyCoverSettings.swift */ = {isa = PBXFileReference; lastKnownFileType = sourcecode.swift; path = Ophanim/Features/KeyCover/KeyCoverSettings.swift; sourceTree = SOURCE_ROOT; };
		ABDAD80B298A1E3E00DC164F /* KeyCoverViews.swift */ = {isa = PBXFileReference; lastKnownFileType = sourcecode.swift; path = Ophanim/Features/KeyCover/KeyCoverViews.swift; sourceTree = SOURCE_ROOT; };
		ABED59822887A32F004D782B /* MenuBarView.swift */ = {isa = PBXFileReference; fileEncoding = 4; lastKnownFileType = sourcecode.swift; path = Ophanim/App/MenuBarView.swift; sourceTree = SOURCE_ROOT; };
		B1084E1E28AA80F400E399FA /* AppSettingsVM.swift */ = {isa = PBXFileReference; lastKnownFileType = sourcecode.swift; path = Ophanim/Core/ViewModel/AppSettingsVM.swift; sourceTree = SOURCE_ROOT; };
		B17FD03828C70BAE00B1D4CA /* CoreUI.framework */ = {isa = PBXFileReference; lastKnownFileType = wrapper.framework; name = CoreUI.framework; path = /System/Library/PrivateFrameworks/CoreUI.framework; sourceTree = "<group>"; };
		B17FD03F28C70C7300B1D4CA /* CoreUI.h */ = {isa = PBXFileReference; lastKnownFileType = sourcecode.c.h; path = Ophanim/Core/Support/CoreUI.h; sourceTree = SOURCE_ROOT; };
		B17FD04628C7B0D900B1D4CA /* AssetsExtractor.swift */ = {isa = PBXFileReference; lastKnownFileType = sourcecode.swift; path = Ophanim/Core/Support/AssetsExtractor.swift; sourceTree = SOURCE_ROOT; };
		B6603E1028E206A300DEFA3F /* UninstallSettings.swift */ = {isa = PBXFileReference; lastKnownFileType = sourcecode.swift; path = Ophanim/Features/AppSettings/UninstallSettings.swift; sourceTree = SOURCE_ROOT; };
		B6603E1228E2257800DEFA3F /* Uninstaller.swift */ = {isa = PBXFileReference; lastKnownFileType = sourcecode.swift; path = Ophanim/Features/AppLibrary/Uninstaller.swift; sourceTree = SOURCE_ROOT; };
		B67BC7112C39354500315011 /* UpdateScheme.swift */ = {isa = PBXFileReference; lastKnownFileType = sourcecode.swift; path = Ophanim/Core/Support/UpdateScheme.swift; sourceTree = SOURCE_ROOT; };
		B67BC7152C3951E500315011 /* KeymapView.swift */ = {isa = PBXFileReference; lastKnownFileType = sourcecode.swift; path = Ophanim/Features/Keymap/KeymapView.swift; sourceTree = SOURCE_ROOT; };
		B6825C3428F3D23600E3015A /* InstallSettings.swift */ = {isa = PBXFileReference; lastKnownFileType = sourcecode.swift; path = Ophanim/Features/AppSettings/InstallSettings.swift; sourceTree = SOURCE_ROOT; };
		B68FD80C2ACB642100683778 /* HostedAppExtensions.swift */ = {isa = PBXFileReference; lastKnownFileType = sourcecode.swift; path = Ophanim/Core/Support/Extensions/HostedAppExtensions.swift; sourceTree = SOURCE_ROOT; };
		B6AB53C829232B4F00039B2E /* KeyCodeNames.swift */ = {isa = PBXFileReference; lastKnownFileType = sourcecode.swift; path = Ophanim/Core/Model/KeyCodeNames.swift; sourceTree = SOURCE_ROOT; };
		B6ABDA292971EEF700A46E80 /* ProgressVM.swift */ = {isa = PBXFileReference; lastKnownFileType = sourcecode.swift; path = Ophanim/Core/ViewModel/ProgressVM.swift; sourceTree = SOURCE_ROOT; };
/* End PBXFileReference section */

/* Begin PBXFrameworksBuildPhase section */
		8783CFF426B8C52D00171041 /* Frameworks */ = {
			isa = PBXFrameworksBuildPhase;
			buildActionMask = 2147483647;
			files = (
				68E48B9F29570A0400C39879 /* DataCache in Frameworks */,
				68E48B9A295708C800C39879 /* Injection in Frameworks */,
				AA818CB5287ABEC3000BEE9D /* Yams in Frameworks */,
				B44E8CD32C31C50200542038 /* SwiftSoup in Frameworks */,
				68E48B952957046D00C39879 /* DownloadManager in Frameworks */,
				B17FD03C28C70C2100B1D4CA /* CoreUI.framework in Frameworks */,
			);
			runOnlyForDeploymentPostprocessing = 0;
		};
/* End PBXFrameworksBuildPhase section */

/* Begin PBXGroup section */
		53841CC826D9D7920021D27C /* Frameworks */ = {
			isa = PBXGroup;
			children = (
				B17FD03828C70BAE00B1D4CA /* CoreUI.framework */,
				92D79316273C065A001CC964 /* libsandbox.1.tbd */,
				53468A4A2712917900887A08 /* libmis.tbd */,
				53468A452712632800887A08 /* Security.tbd */,
				53468A3E271236A800887A08 /* BaseBoard.tbd */,
				53841CC926D9D7920021D27C /* XCTest.framework */,
			);
			name = Frameworks;
			sourceTree = "<group>";
		};
		8783CFEE26B8C52D00171041 = {
			isa = PBXGroup;
			children = (
				8783CFF926B8C52D00171041 /* Ophanim */,
				8783CFF826B8C52D00171041 /* Products */,
				53841CC826D9D7920021D27C /* Frameworks */,
			);
			sourceTree = "<group>";
		};
		8783CFF826B8C52D00171041 /* Products */ = {
			isa = PBXGroup;
			children = (
				8783CFF726B8C52D00171041 /* Ophanim.app */,
			);
			name = Products;
			sourceTree = "<group>";
		};
		8783CFF926B8C52D00171041 /* Ophanim */ = {
			isa = PBXGroup;
			children = (
				AA719640287A085200623C15 /* Rules */,
				AA970FD228793A310099A5D0 /* OphanimRelease.entitlements */,
				53D9DAF226C1849D0071959E /* OphanimError.swift */,
				8783CFFE26B8C52E00171041 /* Assets.xcassets */,
				349915322F8866A3005565D1 /* AppIcon.icon */,
				349915342F8866A8005565D1 /* AppIcon.dev.icon */,
				8783D00326B8C52E00171041 /* Info.plist */,
				8783D00426B8C52E00171041 /* Ophanim.entitlements */,
				8783D00026B8C52E00171041 /* Preview Content */,
				532644E026E79E56002EA34D /* Localizable.strings */,
				928C01D7272DF1A2007EB2DF /* Ophanim-Bridging-Header.h */,
				EEB7200A8A32E367 /* App */,
				9BDC8A3529F38E62 /* Core/Model */,
				FADB37DBD069CAAE /* Core/Services */,
				87F39D6E993627EE /* Core/Support */,
				7FD966D5DBC50F1A /* Core/MCP */,
				FF1D75359BABA31E /* Core/ViewModel */,
				5599AFF0E1A78C8D /* DesignSystem */,
				91815665E67D643A /* Features/AppLibrary */,
				617D2CEF967DC23A /* Features/AppSettings */,
				B104EA45D8372532 /* Features/Install */,
				02F4EF014EA3BDB7 /* Features/KeyCover */,
				CBD96BFF8A3E8228 /* Features/Keymap */,
				EEF7C65EBDC8A3FA /* Features/Onboarding */,
				9C80371D883F3E81 /* Features/Recon */,
				4462778DA09FD414 /* Features/Rules */,
				12F633876BDD7640 /* Engine */,
			);
			path = Ophanim;
			sourceTree = "<group>";
		};
		8783D00026B8C52E00171041 /* Preview Content */ = {
			isa = PBXGroup;
			children = (
				8783D00126B8C52E00171041 /* Preview Assets.xcassets */,
			);
			path = "Preview Content";
			sourceTree = "<group>";
		};
		AA719640287A085200623C15 /* Rules */ = {
			isa = PBXGroup;
			children = (
				AA719647287A0E2500623C15 /* default.yaml */,
			);
			path = Rules;
			sourceTree = "<group>";
		};
		EEB7200A8A32E367 /* App */ = {
			isa = PBXGroup;
			children = (
				6E5C68B9289865C8008EC11B /* MainView.swift */,
				ABED59822887A32F004D782B /* MenuBarView.swift */,
				8783CFFA26B8C52D00171041 /* OphanimApp.swift */,
			);
			name = App;
			sourceTree = "<group>";
		};
		9BDC8A3529F38E62 /* Core/Model */ = {
			isa = PBXGroup;
			children = (
				C8B0F418327A18E0 /* ContainerProfiles.swift */,
				0768B6168B08B627 /* JBBypassCatalog.swift */,
				50B2484B3BABE223 /* HostedApp+Environment.swift */,
				BE182F7996141C5D /* HostedApp+Power.swift */,
				E16D93A5FD4D73CE /* HostedApp+KeyCover.swift */,
				8C99F8F38CB1F9F5 /* HostedApp+Tools.swift */,
				BCBD33DB5B867DF1 /* HostedApp+Files.swift */,
				923421F6275F40300030CD7D /* AppContainer.swift */,
				92ECD8AD274E787200DB7AC6 /* AppInfo.swift */,
				9286D295273A7E4200958DD3 /* AppSettings.swift */,
				92EE06CF274EA433002C907B /* BaseApp.swift */,
				92EE06D9274EB009002C907B /* HostedApp.swift */,
				6E7CA16428B4D02900216CD8 /* ITunesResponse.swift */,
				B6AB53C829232B4F00039B2E /* KeyCodeNames.swift */,
				6E7CA16628B4EEAE00216CD8 /* KeymapData.swift */,
				AA71964A287A0EA800623C15 /* SandboxRules.swift */,
			);
			name = Model;
			sourceTree = "<group>";
		};
		FADB37DBD069CAAE /* Core/Services */ = {
			isa = PBXGroup;
			children = (
				4E17E960CFFEACBF /* OPAppLiveness.swift */,
				152221A2059674F5 /* SnapshotStore.swift */,
				2E3D0C3B16EA77D0 /* BookmarkStore.swift */,
				68E48B9B295709BF00C39879 /* Cacher.swift */,
				92B4D38E2737CF3D0001D7BB /* Galgal.swift */,
				53F3802726EB6F6B00D6B525 /* NotifyService.swift */,
				9280871A2824A8D20034C510 /* SoundDeviceService.swift */,
				D0AFC45CED613C86 /* OPCrashCorrelator.swift */,
				B148FA802FF6AA9F /* LogStore.swift */,
			);
			name = Services;
			sourceTree = "<group>";
		};
		87F39D6E993627EE /* Core/Support */ = {
			isa = PBXGroup;
			children = (
				FE9404A777ED8EC9 /* MainDispatch.swift */,
				24C13AF73619B1C6 /* PlistReader.swift */,
				9087A86A5DC671E8 /* ResolutionMath.swift */,
				92F8500927675124005CE6BE /* AppIntegrity.swift */,
				B17FD04628C7B0D900B1D4CA /* AssetsExtractor.swift */,
				B17FD03F28C70C7300B1D4CA /* CoreUI.h */,
				92EE06DD274EC09F002C907B /* Entitlements.swift */,
				6EB4B57328C93E0600630890 /* LegacySettings.swift */,
				ABBC85B82B7C5CBA00DCF223 /* ModifierKeyObserver.swift */,
				53D9DAF226C1849D0071959E /* OphanimError.swift */,
				5314D1ED26C402EC00A0A727 /* Shell.swift */,
				92A8AAC8275EFEA800D89B50 /* SystemConfig.swift */,
				B67BC7112C39354500315011 /* UpdateScheme.swift */,
				AB6F21EA299B7FA20078ADEC /* URLHandler.swift */,
				6ECB1D0D29798DFA00CD92AA /* DataExtensions.swift */,
				6E25096E297F5032004D754C /* FileExtensions.swift */,
				B68FD80C2ACB642100683778 /* HostedAppExtensions.swift */,
				8783D00A26B8C9E600171041 /* URLExtensions.swift */,
				AAE2F78E2F72562E001336C9 /* ViewExtensions.swift */,
			);
			name = Support;
			sourceTree = "<group>";
		};
		7FD966D5DBC50F1A /* Core/MCP */ = {
			isa = PBXGroup;
			children = (
				EC90C27EE3F316C0 /* InspectGate.swift */,
				5BF36BBEDA431028 /* MCPTimeouts.swift */,
				F207D73F32CDDBF9 /* MCP/Tools */,
				1892FDC0292E78C6 /* MCP/Transports */,
				59E19E2FB313A34F /* MCP/Services */,
				900502EE8C0E1C7C /* ToolRouter.swift */,
				FACE00000000000000000A02 /* MCPServer.swift */,
			);
			name = MCP;
			sourceTree = "<group>";
		};
		FF1D75359BABA31E /* Core/ViewModel */ = {
			isa = PBXGroup;
			children = (
				B45A4B3DDF464D98 /* TweakLibraryVM.swift */,
				B1084E1E28AA80F400E399FA /* AppSettingsVM.swift */,
				9272F19C273B74C800DFBEF1 /* AppsVM.swift */,
				A25930F32C49E2BC0006C91C /* HostedAppVM.swift */,
				928C01D8272E162C007EB2DF /* InstallVM.swift */,
				3447B5E42E28B46800FAA22F /* KeymapViewVM.swift */,
				53F4D29F26C43C690020167C /* Log.swift */,
				6EF893D428F34CD1004AB6D9 /* NetworkVM.swift */,
				B6ABDA292971EEF700A46E80 /* ProgressVM.swift */,
				6E66B0D828A135360099B907 /* ToastVM.swift */,
			);
			name = ViewModel;
			sourceTree = "<group>";
		};
		5599AFF0E1A78C8D /* DesignSystem */ = {
			isa = PBXGroup;
			children = (
				C0F81A91659E960A /* Controls.swift */,
				6E66B0D428A0039D0099B907 /* ToastView.swift */,
			);
			name = DesignSystem;
			sourceTree = "<group>";
		};
		91815665E67D643A /* Features/AppLibrary */ = {
			isa = PBXGroup;
			children = (
				53F50C4826E3CA42007AD2D3 /* AppLibraryView.swift */,
				92EE06D3274EA604002C907B /* HostedAppView.swift */,
				B6603E1228E2257800DEFA3F /* Uninstaller.swift */,
			);
			name = AppLibrary;
			sourceTree = "<group>";
		};
		617D2CEF967DC23A /* Features/AppSettings */ = {
			isa = PBXGroup;
			children = (
				B551BAF6C559FDE3 /* AppSettingsWindow.swift */,
				01F370A4547DBF7E /* ContainerPane.swift */,
				AD096AB0B5DDCBB4 /* TweakLibraryPane.swift */,
				EAB948873F0F2EA5 /* GraphicsPane.swift */,
				0696BE3C138F13FF /* KeymappingPane.swift */,
				90BB9421D69FD643 /* BypassesPane.swift */,
				D324648A50A21929 /* InfoPane.swift */,
				6ED6ACA328A949A30040D234 /* AppSettingsView.swift */,
				B6825C3428F3D23600E3015A /* InstallSettings.swift */,
				FACE00000000000000000700 /* InstrumentationSettings.swift */,
				3665EF8828832400007CF915 /* OphanimSettingsView.swift */,
				B6603E1028E206A300DEFA3F /* UninstallSettings.swift */,
			);
			name = AppSettings;
			sourceTree = "<group>";
		};
		B104EA45D8372532 /* Features/Install */ = {
			isa = PBXGroup;
			children = (
				1A8CFB20714ECE7A /* AppInstalls.swift */,
				92ECD8A2274E75CD00DB7AC6 /* Installer.swift */,
				92ECD8A4274E763700DB7AC6 /* IPA.swift */,
				6E550A8A29BA507200EFC15C /* Macho.swift */,
			);
			name = Install;
			sourceTree = "<group>";
		};
		02F4EF014EA3BDB7 /* Features/KeyCover */ = {
			isa = PBXGroup;
			children = (
				AB00EB5129A7BF17006F3225 /* KeyCover.swift */,
				ABDAD80929893EA300DC164F /* KeyCoverSettings.swift */,
				ABDAD80529893CF900DC164F /* KeyCoverSetupViews.swift */,
				ABDAD80B298A1E3E00DC164F /* KeyCoverViews.swift */,
			);
			name = KeyCover;
			sourceTree = "<group>";
		};
		CBD96BFF8A3E8228 /* Features/Keymap */ = {
			isa = PBXGroup;
			children = (
				B67BC7152C3951E500315011 /* KeymapView.swift */,
				342787542E787EB9003A3C2F /* Keymapping.swift */,
			);
			name = Keymap;
			sourceTree = "<group>";
		};
		EEF7C65EBDC8A3FA /* Features/Onboarding */ = {
			isa = PBXGroup;
			children = (
				6E250970297F5281004D754C /* SigningSetupView.swift */,
			);
			name = Onboarding;
			sourceTree = "<group>";
		};
		9C80371D883F3E81 /* Features/Recon */ = {
			isa = PBXGroup;
			children = (
				524C5951AAFBDC97 /* EventPretty.swift */,
				FACE00000000000000000702 /* LogViewerView.swift */,
				FACE00000000000000000706 /* ReconView.swift */,
			);
			name = Recon;
			sourceTree = "<group>";
		};
		4462778DA09FD414 /* Features/Rules */ = {
			isa = PBXGroup;
			children = (
				88C525977E937028 /* SettingsWindowManager.swift */,
				36D4A6EAA09E20FC /* ObjCHooksEditor.swift */,
				073D818FBD8FC133 /* SwiftHooksEditor.swift */,
				94A87C8F0FE614E7 /* InlineHooksEditor.swift */,
				FACE00000000000000000704 /* RulesEditorView.swift */,
			);
			name = Rules;
			sourceTree = "<group>";
		};
		12F633876BDD7640 /* Engine */ = {
			isa = PBXGroup;
			children = (
				7129536E6D2311B4 /* InspectRequest.swift */,
				FACE00000000000000000400 /* OPEvent.swift */,
				FACE00000000000000000401 /* OPConfig.swift */,
				8FAB8F28C1229B11 /* OPCrashRecord.swift */,
				643346C5B61688F3 /* OPCrashWriter.swift */,
			);
			name = Engine;
			sourceTree = "<group>";
		};
		89B02418725B8B00 /* Features/Sources */ = {
			isa = PBXGroup;
			children = (
				C8B04E7B3498E422 /* SourceInstalls.swift */,
				B48C799E7018F704 /* AppSources.swift */,
				E51CC374D4283408 /* IPAValidate.swift */,
				3FD95F49140C6F71 /* AppSourcesView.swift */,
			);
			name = Sources;
			sourceTree = "<group>";
		};
/* End PBXGroup section */
		F207D73F32CDDBF9 /* MCP/Tools */ = {
			isa = PBXGroup;
			children = (
				7001A1159001CAFE /* Apps */,
				7001A1159002CAFE /* Config */,
				7001A1159003CAFE /* Hooks */,
				7001A1159004CAFE /* Tweaks */,
				7001A1159005CAFE /* Containers */,
				7001A1159006CAFE /* Sources */,
				7001A1159007CAFE /* Events */,
				7001A1159008CAFE /* Recon */,
				7001A1159009CAFE /* Inspect */,
			);
			name = Tools;
			sourceTree = "<group>";
		};
		7001A1159001CAFE /* Apps */ = {
			isa = PBXGroup;
			children = (
				220847F9046C01C1 /* AppTools.swift */,
			);
			name = Apps;
			sourceTree = "<group>";
		};
		7001A1159002CAFE /* Config */ = {
			isa = PBXGroup;
			children = (
				86C5858FBCEEE0E6 /* ConfigTools.swift */,
			);
			name = Config;
			sourceTree = "<group>";
		};
		7001A1159003CAFE /* Hooks */ = {
			isa = PBXGroup;
			children = (
				8AC7C7D95F6CB3C2 /* HookTools.swift */,
				4348A085B12A9469 /* RuleTools.swift */,
			);
			name = Hooks;
			sourceTree = "<group>";
		};
		7001A1159004CAFE /* Tweaks */ = {
			isa = PBXGroup;
			children = (
				2D73451F9FFF0D2B /* TweakTools.swift */,
			);
			name = Tweaks;
			sourceTree = "<group>";
		};
		7001A1159005CAFE /* Containers */ = {
			isa = PBXGroup;
			children = (
				DF53023CB47A543F /* ContainerTools.swift */,
			);
			name = Containers;
			sourceTree = "<group>";
		};
		7001A1159006CAFE /* Sources */ = {
			isa = PBXGroup;
			children = (
				3DF59B7004FB0A44 /* SourceTools.swift */,
			);
			name = Sources;
			sourceTree = "<group>";
		};
		7001A1159007CAFE /* Events */ = {
			isa = PBXGroup;
			children = (
				3765949B44E0A21E /* EventTools.swift */,
			);
			name = Events;
			sourceTree = "<group>";
		};
		7001A1159008CAFE /* Recon */ = {
			isa = PBXGroup;
			children = (
				056DEEFFE3AD0AF6 /* ReconTools.swift */,
				7001A1159010CAFE /* SuggestTools.swift */,
			);
			name = Recon;
			sourceTree = "<group>";
		};
		7001A1159009CAFE /* Inspect */ = {
			isa = PBXGroup;
			children = (
				F9C632249BBFC8BD /* InspectTools.swift */,
			);
			name = Inspect;
			sourceTree = "<group>";
		};
		1892FDC0292E78C6 /* MCP/Transports */ = {
			isa = PBXGroup;
			children = (
				FE918903B6214035 /* EventNotifier.swift */,
				5AED5DF901EE05DC /* StdioTransport.swift */,
				9E70BEBCBB434C08 /* HTTPTransport.swift */,
			);
			name = Transports;
			sourceTree = "<group>";
		};
		59E19E2FB313A34F /* MCP/Services */ = {
			isa = PBXGroup;
			children = (
				4779F07505F5DF99 /* InspectService.swift */,
				1E4ADF9344E6F37E /* TweakStoreService.swift */,
				1709F3002601F328 /* ContainerService.swift */,
				1E79EE123C632373 /* AppQueryService.swift */,
				550DAF5401731081 /* SettingsStore.swift */,
				F4BCF3C93514DBED /* ReportBuilder.swift */,
			);
			name = Services;
			sourceTree = "<group>";
		};

/* Begin PBXNativeTarget section */
		8783CFF626B8C52D00171041 /* Ophanim */ = {
			isa = PBXNativeTarget;
			buildConfigurationList = 8783D00726B8C52E00171041 /* Build configuration list for PBXNativeTarget "Ophanim" */;
			buildPhases = (
				AAE8809C287ACA4900FBB23C /* Carthage Bootstrap */,
				8783CFF326B8C52D00171041 /* Sources */,
				8783CFF426B8C52D00171041 /* Frameworks */,
				8783CFF526B8C52D00171041 /* Resources */,
				AA818CBC287AC1C6000BEE9D /* Copy Carthage frameworks */,
				AAC28F222899A05B005057FB /* Codesign frameworks */,
				36E7AB27288A0B64004C0C3A /* SwiftLint */,
			);
			buildRules = (
			);
			dependencies = (
			);
			name = Ophanim;
			packageProductDependencies = (
				AA818CB4287ABEC3000BEE9D /* Yams */,
				68E48B942957046D00C39879 /* DownloadManager */,
				68E48B9E29570A0400C39879 /* DataCache */,
				68E48B99295708C800C39879 /* Injection */,
				B44E8CD22C31C50200542038 /* SwiftSoup */,
			);
			productName = Ophanim;
			productReference = 8783CFF726B8C52D00171041 /* Ophanim.app */;
			productType = "com.apple.product-type.application";
		};
/* End PBXNativeTarget section */

/* Begin PBXProject section */
		8783CFEF26B8C52D00171041 /* Project object */ = {
			isa = PBXProject;
			attributes = {
				BuildIndependentTargetsInParallel = YES;
				LastSwiftUpdateCheck = 1250;
				LastUpgradeCheck = 1410;
				TargetAttributes = {
					8783CFF626B8C52D00171041 = {
						CreatedOnToolsVersion = 12.5.1;
						LastSwiftMigration = 1250;
					};
				};
			};
			buildConfigurationList = 8783CFF226B8C52D00171041 /* Build configuration list for PBXProject "Ophanim" */;
			compatibilityVersion = "Xcode 9.3";
			developmentRegion = en;
			hasScannedForEncodings = 0;
			knownRegions = (
				en,
				Base,
			);
			mainGroup = 8783CFEE26B8C52D00171041;
			packageReferences = (
				AA818CB3287ABEC3000BEE9D /* XCRemoteSwiftPackageReference "Yams" */,
				68E48B932957046D00C39879 /* XCRemoteSwiftPackageReference "download-manager" */,
				68E48B9D29570A0400C39879 /* XCRemoteSwiftPackageReference "DataCache" */,
				68E48B98295708C800C39879 /* XCRemoteSwiftPackageReference "inject" */,
				B44E8CD12C31C50200542038 /* XCRemoteSwiftPackageReference "SwiftSoup" */,
			);
			productRefGroup = 8783CFF826B8C52D00171041 /* Products */;
			projectDirPath = "";
			projectRoot = "";
			targets = (
				8783CFF626B8C52D00171041 /* Ophanim */,
			);
		};
/* End PBXProject section */

/* Begin PBXResourcesBuildPhase section */
		8783CFF526B8C52D00171041 /* Resources */ = {
			isa = PBXResourcesBuildPhase;
			buildActionMask = 2147483647;
			files = (
				349915352F8866A8005565D1 /* AppIcon.dev.icon in Resources */,
				AA719649287A0E2500623C15 /* default.yaml in Resources */,
				8783D00226B8C52E00171041 /* Preview Assets.xcassets in Resources */,
				532644DE26E79E56002EA34D /* Localizable.strings in Resources */,
				8783CFFF26B8C52E00171041 /* Assets.xcassets in Resources */,
				349915332F8866A3005565D1 /* AppIcon.icon in Resources */,
			);
			runOnlyForDeploymentPostprocessing = 0;
		};
/* End PBXResourcesBuildPhase section */

/* Begin PBXShellScriptBuildPhase section */
		36E7AB27288A0B64004C0C3A /* SwiftLint */ = {
			isa = PBXShellScriptBuildPhase;
			alwaysOutOfDate = 1;
			buildActionMask = 2147483647;
			files = (
			);
			inputFileListPaths = (
			);
			inputPaths = (
			);
			name = SwiftLint;
			outputFileListPaths = (
			);
			outputPaths = (
			);
			runOnlyForDeploymentPostprocessing = 0;
			shellPath = /bin/sh;
			shellScript = "export PATH=\"$PATH:/opt/homebrew/bin:/opt/local/bin\"\nif which swiftlint > /dev/null; then\n    swiftlint\nelse\n    echo \"warning: SwiftLint not installed (lint skipped)\"\nfi\n";
		};
		AA818CBC287AC1C6000BEE9D /* Copy Carthage frameworks */ = {
			isa = PBXShellScriptBuildPhase;
			buildActionMask = 2147483647;
			files = (
			);
			inputFileListPaths = (
			);
			inputPaths = (
				"$(SRCROOT)/Carthage/Build/Galgal.xcframework/ios-arm64/Galgal.framework",
			);
			name = "Copy Carthage frameworks";
			outputFileListPaths = (
			);
			outputPaths = (
				"$(BUILT_PRODUCTS_DIR)/$(FRAMEWORKS_FOLDER_PATH)/Galgal.framework",
			);
			runOnlyForDeploymentPostprocessing = 0;
			shellPath = /bin/zsh;
			shellScript = "set -euo pipefail\n\necho \"Copying Galgal\"\nrm -rf \"${SCRIPT_OUTPUT_FILE_0}\"\nditto \"${SCRIPT_INPUT_FILE_0}\" \"${SCRIPT_OUTPUT_FILE_0}\"\nAGENT_SRC=\"$(dirname \"${SCRIPT_INPUT_FILE_0}\")/OphanimAgent.dylib\"\nif [ -f \"$AGENT_SRC\" ]; then ditto \"$AGENT_SRC\" \"$(dirname \"${SCRIPT_OUTPUT_FILE_0}\")/OphanimAgent.dylib\"; fi\n\necho \"Handling GalgalInterface files\"\nmkdir -p \"${SCRIPT_OUTPUT_FILE_0}/PlugIns\"\nrm -rf   \"${SCRIPT_OUTPUT_FILE_0}/PlugIns/GalgalInterface.bundle\"\ncp -R    \"${SCRIPT_INPUT_FILE_0}/PlugIns/GalgalInterface.bundle\" \"${SCRIPT_OUTPUT_FILE_0}/PlugIns/GalgalInterface.bundle\"\n\necho \"Converting to maccatalyst\"\nvtool \\\n  -set-build-version maccatalyst 14.0 26.0 \\\n  -replace -output \\\n  \"${SCRIPT_OUTPUT_FILE_0}/Galgal\" \\\n  \"${SCRIPT_OUTPUT_FILE_0}/Galgal\" || true\n\necho \"Rebundling shadow framework to deep framework structure\"\nFRAME=\"${SCRIPT_OUTPUT_FILE_0}\"\nNAME=\"Galgal\"\n\nif [ -d \"$FRAME\" ] && [ ! -d \"$FRAME/Versions\" ]; then\n  echo \"Rebundling $NAME as macOS deep framework…\"\n\n  PARENT=\"$(dirname \"$FRAME\")\"\n  BASENAME=\"$(basename \"$FRAME\")\"\n  TMP=\"$PARENT/.${BASENAME}.rebundle\"\n\n  rm -rf \"$TMP\"\n  mkdir -p \"$TMP/Versions/A/Resources\" \"$TMP/Versions/A/Modules\" \"$TMP/Versions/A/PlugIns\"\n\n  echo \"moving shallow content to tmp A\"\n  [ -f \"$FRAME/$NAME\" ]      && cp -p \"$FRAME/$NAME\"      \"$TMP/Versions/A/$NAME\"\n  [ -d \"$FRAME/Headers\" ]    && cp -Rp \"$FRAME/Headers\"   \"$TMP/Versions/A/Headers\"\n  [ -d \"$FRAME/Modules\" ]    && cp -Rp \"$FRAME/Modules\"   \"$TMP/Versions/A/Modules\"\n  [ -f \"$FRAME/Info.plist\" ] && cp -p \"$FRAME/Info.plist\" \"$TMP/Versions/A/Resources/Info.plist\"\n\n  if [ -d \"$FRAME/Resources\" ]; then\n    ditto \"$FRAME/Resources\" \"$TMP/Versions/A/Resources\"\n  fi\n\n  for lproj in \"$FRAME\"/*.lproj; do\n    cp -Rp \"$lproj\" \"$TMP/Versions/A/Resources\"\n  done\n\n  if [ -d \"$FRAME/PlugIns\" ]; then\n    ditto \"$FRAME/PlugIns\" \"$TMP/Versions/A/PlugIns\"\n  fi\n\n  echo \"symlinking galgal\"\n  ln -s A \"$TMP/Versions/Current\"\n  ln -s Versions/Current/Resources \"$TMP/Resources\"\n  [ -d \"$TMP/Versions/A/Headers\" ] && ln -s Versions/Current/Headers \"$TMP/Headers\"\n  [ -d \"$TMP/Versions/A/Modules\" ] && ln -s Versions/Current/Modules \"$TMP/Modules\"\n  ln -s Versions/Current/$NAME \"$TMP/$NAME\"\n  [ -d \"$TMP/Versions/A/PlugIns\" ] && ln -s Versions/Current/PlugIns \"$TMP/PlugIns\"\n\n  rm -rf \"$FRAME\"\n  mv \"$TMP\" \"$FRAME\"\n\n  echo \"Rebundle done.\"\nfi\n";
		};
		AAC28F222899A05B005057FB /* Codesign frameworks */ = {
			isa = PBXShellScriptBuildPhase;
			alwaysOutOfDate = 1;
			buildActionMask = 2147483647;
			files = (
			);
			inputFileListPaths = (
			);
			inputPaths = (
			);
			name = "Codesign frameworks";
			outputFileListPaths = (
			);
			outputPaths = (
			);
			runOnlyForDeploymentPostprocessing = 0;
			shellPath = /bin/sh;
			shellScript = "# Type a script or drag a script file from your workspace to insert its path.\nset -euo pipefail\n\nIDENTITY=\"${EXPANDED_CODE_SIGN_IDENTITY:--}\";\necho Signing identity $IDENTITY;\n\ncodesign --verbose --force --sign \"$IDENTITY\" ${BUILT_PRODUCTS_DIR}/${FRAMEWORKS_FOLDER_PATH}/Galgal.framework/PlugIns/GalgalInterface.bundle;\ncodesign --verbose --force --sign \"$IDENTITY\" ${BUILT_PRODUCTS_DIR}/${FRAMEWORKS_FOLDER_PATH}/Galgal.framework;\n";
		};
		AAE8809C287ACA4900FBB23C /* Carthage Bootstrap */ = {
			isa = PBXShellScriptBuildPhase;
			alwaysOutOfDate = 1;
			buildActionMask = 2147483647;
			files = (
			);
			inputFileListPaths = (
			);
			inputPaths = (
			);
			name = "Carthage Bootstrap";
			outputFileListPaths = (
			);
			outputPaths = (
			);
			runOnlyForDeploymentPostprocessing = 0;
			shellPath = /bin/sh;
			shellScript = "set -euo pipefail\necho \"Building Galgal runtime…\"\nenv -i PATH=/usr/bin:/bin:/usr/sbin:/sbin HOME=\"$HOME\" bash \"$SRCROOT/Galgal/build-galgal.sh\"\n";
		};
/* End PBXShellScriptBuildPhase section */

/* Begin PBXSourcesBuildPhase section */
		8783CFF326B8C52D00171041 /* Sources */ = {
			isa = PBXSourcesBuildPhase;
			buildActionMask = 2147483647;
			files = (
				FACE00000000000000000705 /* RulesEditorView.swift in Sources */,
				FACE00000000000000000703 /* LogViewerView.swift in Sources */,
				FACE00000000000000000707 /* ReconView.swift in Sources */,
				FACE00000000000000000701 /* InstrumentationSettings.swift in Sources */,
				FACE00000000000000000500 /* OPEvent.swift in Sources */,
				FACE00000000000000000501 /* OPConfig.swift in Sources */,
				FACE00000000000000000A03 /* MCPServer.swift in Sources */,
				B67BC7162C3951E700315011 /* KeymapView.swift in Sources */,
				6E66B0D528A0039D0099B907 /* ToastView.swift in Sources */,
				92ECD8A3274E75CD00DB7AC6 /* Installer.swift in Sources */,
				B6825C3528F3D23600E3015A /* InstallSettings.swift in Sources */,
				92EE06DE274EC09F002C907B /* Entitlements.swift in Sources */,
				92ECD8A5274E763700DB7AC6 /* IPA.swift in Sources */,
				92B4D38F2737CF3D0001D7BB /* Galgal.swift in Sources */,
				3665EF8928832400007CF915 /* OphanimSettingsView.swift in Sources */,
				9280871B2824A8D20034C510 /* SoundDeviceService.swift in Sources */,
				A25930F42C49E2BC0006C91C /* HostedAppVM.swift in Sources */,
				92ECD8AE274E787200DB7AC6 /* AppInfo.swift in Sources */,
				6E250971297F5281004D754C /* SigningSetupView.swift in Sources */,
				928C01D9272E162C007EB2DF /* InstallVM.swift in Sources */,
				6E550A8B29BA507200EFC15C /* Macho.swift in Sources */,
				6E25096F297F5032004D754C /* FileExtensions.swift in Sources */,
				53F4D2A026C43C690020167C /* Log.swift in Sources */,
				B6603E1128E206A300DEFA3F /* UninstallSettings.swift in Sources */,
				92A8AAC9275EFEA800D89B50 /* SystemConfig.swift in Sources */,
				B1084E1F28AA80F400E399FA /* AppSettingsVM.swift in Sources */,
				6E7CA16728B4EEAE00216CD8 /* KeymapData.swift in Sources */,
				6ED6ACA428A949A30040D234 /* AppSettingsView.swift in Sources */,
				92EE06DA274EB009002C907B /* HostedApp.swift in Sources */,
				53F50C4926E3CA42007AD2D3 /* AppLibraryView.swift in Sources */,
				53F3802826EB6F6B00D6B525 /* NotifyService.swift in Sources */,
				6E5C68BA289865C8008EC11B /* MainView.swift in Sources */,
				3447B5E52E28B46800FAA22F /* KeymapViewVM.swift in Sources */,
				B6603E1328E2257800DEFA3F /* Uninstaller.swift in Sources */,
				B6ABDA2A2971EEF700A46E80 /* ProgressVM.swift in Sources */,
				AA71964B287A0EA800623C15 /* SandboxRules.swift in Sources */,
				6ECB1D0E29798DFA00CD92AA /* DataExtensions.swift in Sources */,
				6E66B0D928A135360099B907 /* ToastVM.swift in Sources */,
				92EE06D0274EA433002C907B /* BaseApp.swift in Sources */,
				B67BC7122C39354C00315011 /* UpdateScheme.swift in Sources */,
				ABBC85B92B7C5CBA00DCF223 /* ModifierKeyObserver.swift in Sources */,
				92F8500A27675124005CE6BE /* AppIntegrity.swift in Sources */,
				AAE2F78F2F725632001336C9 /* ViewExtensions.swift in Sources */,
				342787552E787EBB003A3C2F /* Keymapping.swift in Sources */,
				ABDAD80A29893EA300DC164F /* KeyCoverSettings.swift in Sources */,
				8783CFFB26B8C52D00171041 /* OphanimApp.swift in Sources */,
				AB6F21EB299B7FA20078ADEC /* URLHandler.swift in Sources */,
				5314D1EE26C402EC00A0A727 /* Shell.swift in Sources */,
				6E7CA16528B4D02900216CD8 /* ITunesResponse.swift in Sources */,
				ABDAD80C298A1E3E00DC164F /* KeyCoverViews.swift in Sources */,
				6EF893D528F34CD1004AB6D9 /* NetworkVM.swift in Sources */,
				8783D00B26B8C9E600171041 /* URLExtensions.swift in Sources */,
				6EB4B57428C93E0600630890 /* LegacySettings.swift in Sources */,
				ABED59832887A32F004D782B /* MenuBarView.swift in Sources */,
				B6AB53C929232B4F00039B2E /* KeyCodeNames.swift in Sources */,
				92EE06D4274EA604002C907B /* HostedAppView.swift in Sources */,
				B17FD04728C7B0D900B1D4CA /* AssetsExtractor.swift in Sources */,
				ABDAD80629893CF900DC164F /* KeyCoverSetupViews.swift in Sources */,
				AB00EB5229A7BF17006F3225 /* KeyCover.swift in Sources */,
				68E48B9C295709C000C39879 /* Cacher.swift in Sources */,
				53D9DAF326C1849D0071959E /* OphanimError.swift in Sources */,
				9286D296273A7E4200958DD3 /* AppSettings.swift in Sources */,
				B68FD80D2ACB642100683778 /* HostedAppExtensions.swift in Sources */,
				9272F19E273B74C800DFBEF1 /* AppsVM.swift in Sources */,
				923421F7275F40300030CD7D /* AppContainer.swift in Sources */,
				A5BCDD4FEE663813 /* Controls.swift in Sources */,
				18B8F8545418D0B4 /* PlistReader.swift in Sources */,
				77EFD940A7878EA6 /* ResolutionMath.swift in Sources */,
				B813561B9FBD2CF1 /* JBBypassCatalog.swift in Sources */,
				8353AA2438D2A4B1 /* HostedApp+Environment.swift in Sources */,
				28AFA7C4935922F6 /* HostedApp+Power.swift in Sources */,
				0F11B373B5D5CAB8 /* HostedApp+KeyCover.swift in Sources */,
				E85A929E7C84BAAA /* HostedApp+Tools.swift in Sources */,
				B6181F6617F3D014 /* HostedApp+Files.swift in Sources */,
				08B8A1CF41394C72 /* ToolRouter.swift in Sources */,
				BC77E289CAFC42CD /* AppTools.swift in Sources */,
				5B7A3449F68B4385 /* EventTools.swift in Sources */,
				DADC6715A2A738F7 /* ReconTools.swift in Sources */,
				7001A1159011CAFE /* SuggestTools.swift in Sources */,
				63820A553F7822A2 /* HookTools.swift in Sources */,
				B7C5923B73019E46 /* RuleTools.swift in Sources */,
				A9BCA17E026BF421 /* ConfigTools.swift in Sources */,
				7527AAB09643E217 /* StdioTransport.swift in Sources */,
				D7C650AEF355211F /* HTTPTransport.swift in Sources */,
				C3A41E949D1E600D /* AppQueryService.swift in Sources */,
				DDC60EB416ACAC10 /* SettingsStore.swift in Sources */,
				9FF92C79D65B7FFD /* ReportBuilder.swift in Sources */,
				5854E1C8E8CB321E /* GraphicsPane.swift in Sources */,
				8A84939569AC3C9B /* KeymappingPane.swift in Sources */,
				1E9F99F71F6A9E98 /* BypassesPane.swift in Sources */,
				21B30B54EE6AE8C6 /* InfoPane.swift in Sources */,
				9C9A714A49EDA1FC /* SettingsWindowManager.swift in Sources */,
				7A509E4CA6CD92E3 /* ObjCHooksEditor.swift in Sources */,
				6F535E1A465BC4C1 /* SwiftHooksEditor.swift in Sources */,
				A761A8D25A040FB4 /* InlineHooksEditor.swift in Sources */,
				596E79C0441399E7 /* ContainerPane.swift in Sources */,
				4D5AFE84592649D1 /* TweakLibraryPane.swift in Sources */,
				7D54157D0BB1E520 /* TweakLibraryVM.swift in Sources */,
				52E689CE3F9BD3FB /* ContainerProfiles.swift in Sources */,
				FBE7B076CD383122 /* EventPretty.swift in Sources */,
				DA67E8F641CB67E0 /* SourceInstalls.swift in Sources */,
				B37E60EABA3993F3 /* AppSources.swift in Sources */,
				46B1D44BC3E3EA08 /* IPAValidate.swift in Sources */,
				D4CD7861BECC0BFA /* AppSourcesView.swift in Sources */,
				79C75F0AFC660F32 /* SourceTools.swift in Sources */,
				9A3CE4B786BC519C /* TweakTools.swift in Sources */,
				977616121F1C5D48 /* ContainerTools.swift in Sources */,
				7958FF75D95EB547 /* TweakStoreService.swift in Sources */,
				71CB35DB99B57660 /* ContainerService.swift in Sources */,
				8B65571DC49F611B /* MCPTimeouts.swift in Sources */,
				54EDEA089AA2191C /* OPAppLiveness.swift in Sources */,
				EF55B86C65609681 /* SnapshotStore.swift in Sources */,
				AD286CC5B6100EA9 /* BookmarkStore.swift in Sources */,
				4E43543B9CB271DB /* InspectService.swift in Sources */,
				D39108BAD98AAD74 /* InspectGate.swift in Sources */,
				5F38BAF765A9EAEF /* InspectRequest.swift in Sources */,
				30E0A315D2F88E16 /* InspectTools.swift in Sources */,
				D5C29B3DCCDF8C25 /* AppSettingsWindow.swift in Sources */,
				5FC972A4C7E749CB /* OPCrashRecord.swift in Sources */,
				E3BC290722D9385D /* OPCrashWriter.swift in Sources */,
				5279C436C2969D6D /* OPCrashCorrelator.swift in Sources */,
				9974FAE79F46F221 /* LogStore.swift in Sources */,
				3433C8A9A6F46A28 /* AppInstalls.swift in Sources */,
				F6E7018A781CE860 /* EventNotifier.swift in Sources */,
				AF9290E8BFB704B6 /* MainDispatch.swift in Sources */,
			);
			runOnlyForDeploymentPostprocessing = 0;
		};
/* End PBXSourcesBuildPhase section */

/* Begin PBXVariantGroup section */
		532644E026E79E56002EA34D /* Localizable.strings */ = {
			isa = PBXVariantGroup;
			children = (
				532644E126E79E5C002EA34D /* en */,
			);
			name = Localizable.strings;
			sourceTree = "<group>";
		};
/* End PBXVariantGroup section */

/* Begin XCBuildConfiguration section */
		8783D00626B8C52E00171041 /* Release */ = {
			isa = XCBuildConfiguration;
			buildSettings = {
				ALWAYS_SEARCH_USER_PATHS = NO;
				ARCHS = arm64;
				CLANG_ANALYZER_LOCALIZABILITY_NONLOCALIZED = YES;
				CLANG_ANALYZER_NONNULL = YES;
				CLANG_ANALYZER_NUMBER_OBJECT_CONVERSION = YES_AGGRESSIVE;
				CLANG_CXX_LANGUAGE_STANDARD = "gnu++14";
				CLANG_CXX_LIBRARY = "libc++";
				CLANG_ENABLE_MODULES = YES;
				CLANG_ENABLE_OBJC_ARC = YES;
				CLANG_ENABLE_OBJC_WEAK = YES;
				CLANG_WARN_BLOCK_CAPTURE_AUTORELEASING = YES;
				CLANG_WARN_BOOL_CONVERSION = YES;
				CLANG_WARN_COMMA = YES;
				CLANG_WARN_CONSTANT_CONVERSION = YES;
				CLANG_WARN_DEPRECATED_OBJC_IMPLEMENTATIONS = YES;
				CLANG_WARN_DIRECT_OBJC_ISA_USAGE = YES_ERROR;
				CLANG_WARN_DOCUMENTATION_COMMENTS = YES;
				CLANG_WARN_EMPTY_BODY = YES;
				CLANG_WARN_ENUM_CONVERSION = YES;
				CLANG_WARN_INFINITE_RECURSION = YES;
				CLANG_WARN_INT_CONVERSION = YES;
				CLANG_WARN_NON_LITERAL_NULL_CONVERSION = YES;
				CLANG_WARN_OBJC_IMPLICIT_RETAIN_SELF = YES;
				CLANG_WARN_OBJC_LITERAL_CONVERSION = YES;
				CLANG_WARN_OBJC_ROOT_CLASS = YES_ERROR;
				CLANG_WARN_QUOTED_INCLUDE_IN_FRAMEWORK_HEADER = YES;
				CLANG_WARN_RANGE_LOOP_ANALYSIS = YES;
				CLANG_WARN_STRICT_PROTOTYPES = YES;
				CLANG_WARN_SUSPICIOUS_MOVE = YES;
				CLANG_WARN_UNGUARDED_AVAILABILITY = YES_AGGRESSIVE;
				CLANG_WARN_UNREACHABLE_CODE = YES;
				CLANG_WARN__DUPLICATE_METHOD_MATCH = YES;
				COPY_PHASE_STRIP = NO;
				DEAD_CODE_STRIPPING = YES;
				DEBUG_INFORMATION_FORMAT = "dwarf-with-dsym";
				ENABLE_NS_ASSERTIONS = NO;
				ENABLE_STRICT_OBJC_MSGSEND = YES;
				EXCLUDED_ARCHS = x86_64;
				GCC_C_LANGUAGE_STANDARD = gnu11;
				GCC_NO_COMMON_BLOCKS = YES;
				GCC_WARN_64_TO_32_BIT_CONVERSION = YES;
				GCC_WARN_ABOUT_RETURN_TYPE = YES_ERROR;
				GCC_WARN_UNDECLARED_SELECTOR = YES;
				GCC_WARN_UNINITIALIZED_AUTOS = YES_AGGRESSIVE;
				GCC_WARN_UNUSED_FUNCTION = YES;
				GCC_WARN_UNUSED_VARIABLE = YES;
				MACOSX_DEPLOYMENT_TARGET = 26.0;
				MTL_ENABLE_DEBUG_INFO = NO;
				MTL_FAST_MATH = YES;
				ONLY_ACTIVE_ARCH = NO;
				RUN_DOCUMENTATION_COMPILER = NO;
				SDKROOT = macosx;
				SWIFT_COMPILATION_MODE = wholemodule;
				SWIFT_ENFORCE_EXCLUSIVE_ACCESS = off;
				SWIFT_OPTIMIZATION_LEVEL = "-O";
			};
			name = Release;
		};
		8783D00926B8C52E00171041 /* Release */ = {
			isa = XCBuildConfiguration;
			buildSettings = {
				ARCHS = arm64;
				ASSETCATALOG_COMPILER_APPICON_NAME = "AppIcon${BUNDLE_ID_SUFFIX}";
				ASSETCATALOG_COMPILER_GLOBAL_ACCENT_COLOR_NAME = AccentColor;
				ASSETCATALOG_COMPILER_INCLUDE_ALL_APPICON_ASSETS = NO;
				BUNDLE_ID_SUFFIX = "";
				CODE_SIGN_ENTITLEMENTS = Ophanim/OphanimRelease.entitlements;
				CODE_SIGN_IDENTITY = "Developer ID Application";
				CODE_SIGN_STYLE = Manual;
				COMBINE_HIDPI_IMAGES = YES;
				CURRENT_PROJECT_VERSION = 1;
				DEAD_CODE_STRIPPING = YES;
				DEBUG_INFORMATION_FORMAT = "dwarf-with-dsym";
				DEVELOPMENT_ASSET_PATHS = "Ophanim/Preview\\ Content";
				DEVELOPMENT_TEAM = "";
				ENABLE_HARDENED_RUNTIME = YES;
				ENABLE_PREVIEWS = YES;
				EXCLUDED_ARCHS = x86_64;
				INFOPLIST_FILE = Ophanim/Info.plist;
				LD_RUNPATH_SEARCH_PATHS = (
					"$(inherited)",
					"@executable_path/../Frameworks",
				);
				LIBRARY_SEARCH_PATHS = "$(inherited)";
				MACOSX_DEPLOYMENT_TARGET = 26.0;
				MARKETING_VERSION = 1.0.0;
				ONLY_ACTIVE_ARCH = NO;
				OTHER_LDFLAGS = "-ObjC";
				PRODUCT_BUNDLE_IDENTIFIER = be.ophanim.Ophanim;
				PRODUCT_NAME = "$(TARGET_NAME)";
				PROVISIONING_PROFILE_SPECIFIER = "match Direct be.ophanim.Ophanim macos";
				RUN_DOCUMENTATION_COMPILER = NO;
				SWIFT_ENFORCE_EXCLUSIVE_ACCESS = off;
				SWIFT_OBJC_BRIDGING_HEADER = "./Ophanim/Ophanim-Bridging-Header.h";
				"SWIFT_OBJC_BRIDGING_HEADER[arch=*]" = "./Ophanim/Ophanim-Bridging-Header.h";
				SWIFT_VERSION = 6.0;
				SYSTEM_FRAMEWORK_SEARCH_PATHS = "$(SYSTEM_LIBRARY_DIR)/PrivateFrameworks";
			};
			name = Release;
		};
		9BFBDA6728C95BA500252EB7 /* Nightly */ = {
			isa = XCBuildConfiguration;
			buildSettings = {
				ALWAYS_SEARCH_USER_PATHS = NO;
				ARCHS = arm64;
				CLANG_ANALYZER_LOCALIZABILITY_NONLOCALIZED = YES;
				CLANG_ANALYZER_NONNULL = YES;
				CLANG_ANALYZER_NUMBER_OBJECT_CONVERSION = YES_AGGRESSIVE;
				CLANG_CXX_LANGUAGE_STANDARD = "gnu++14";
				CLANG_CXX_LIBRARY = "libc++";
				CLANG_ENABLE_MODULES = YES;
				CLANG_ENABLE_OBJC_ARC = YES;
				CLANG_ENABLE_OBJC_WEAK = YES;
				CLANG_WARN_BLOCK_CAPTURE_AUTORELEASING = YES;
				CLANG_WARN_BOOL_CONVERSION = YES;
				CLANG_WARN_COMMA = YES;
				CLANG_WARN_CONSTANT_CONVERSION = YES;
				CLANG_WARN_DEPRECATED_OBJC_IMPLEMENTATIONS = YES;
				CLANG_WARN_DIRECT_OBJC_ISA_USAGE = YES_ERROR;
				CLANG_WARN_DOCUMENTATION_COMMENTS = YES;
				CLANG_WARN_EMPTY_BODY = YES;
				CLANG_WARN_ENUM_CONVERSION = YES;
				CLANG_WARN_INFINITE_RECURSION = YES;
				CLANG_WARN_INT_CONVERSION = YES;
				CLANG_WARN_NON_LITERAL_NULL_CONVERSION = YES;
				CLANG_WARN_OBJC_IMPLICIT_RETAIN_SELF = YES;
				CLANG_WARN_OBJC_LITERAL_CONVERSION = YES;
				CLANG_WARN_OBJC_ROOT_CLASS = YES_ERROR;
				CLANG_WARN_QUOTED_INCLUDE_IN_FRAMEWORK_HEADER = YES;
				CLANG_WARN_RANGE_LOOP_ANALYSIS = YES;
				CLANG_WARN_STRICT_PROTOTYPES = YES;
				CLANG_WARN_SUSPICIOUS_MOVE = YES;
				CLANG_WARN_UNGUARDED_AVAILABILITY = YES_AGGRESSIVE;
				CLANG_WARN_UNREACHABLE_CODE = YES;
				CLANG_WARN__DUPLICATE_METHOD_MATCH = YES;
				COPY_PHASE_STRIP = NO;
				DEAD_CODE_STRIPPING = YES;
				DEBUG_INFORMATION_FORMAT = "dwarf-with-dsym";
				ENABLE_NS_ASSERTIONS = NO;
				ENABLE_STRICT_OBJC_MSGSEND = YES;
				EXCLUDED_ARCHS = x86_64;
				GCC_C_LANGUAGE_STANDARD = gnu11;
				GCC_NO_COMMON_BLOCKS = YES;
				GCC_WARN_64_TO_32_BIT_CONVERSION = YES;
				GCC_WARN_ABOUT_RETURN_TYPE = YES_ERROR;
				GCC_WARN_UNDECLARED_SELECTOR = YES;
				GCC_WARN_UNINITIALIZED_AUTOS = YES_AGGRESSIVE;
				GCC_WARN_UNUSED_FUNCTION = YES;
				GCC_WARN_UNUSED_VARIABLE = YES;
				MACOSX_DEPLOYMENT_TARGET = 26.0;
				MTL_ENABLE_DEBUG_INFO = NO;
				MTL_FAST_MATH = YES;
				ONLY_ACTIVE_ARCH = NO;
				RUN_DOCUMENTATION_COMPILER = NO;
				SDKROOT = macosx;
				SWIFT_COMPILATION_MODE = wholemodule;
				SWIFT_ENFORCE_EXCLUSIVE_ACCESS = off;
				SWIFT_OPTIMIZATION_LEVEL = "-O";
			};
			name = Nightly;
		};
		9BFBDA6828C95BA500252EB7 /* Nightly */ = {
			isa = XCBuildConfiguration;
			buildSettings = {
				ARCHS = arm64;
				ASSETCATALOG_COMPILER_APPICON_NAME = "AppIcon${BUNDLE_ID_SUFFIX}";
				ASSETCATALOG_COMPILER_GLOBAL_ACCENT_COLOR_NAME = AccentColor;
				ASSETCATALOG_COMPILER_INCLUDE_ALL_APPICON_ASSETS = NO;
				BUNDLE_ID_SUFFIX = .dev;
				CODE_SIGN_ENTITLEMENTS = Ophanim/OphanimRelease.entitlements;
				CODE_SIGN_IDENTITY = "Developer ID Application";
				CODE_SIGN_STYLE = Manual;
				COMBINE_HIDPI_IMAGES = YES;
				CURRENT_PROJECT_VERSION = 1;
				DEAD_CODE_STRIPPING = YES;
				DEBUG_INFORMATION_FORMAT = "dwarf-with-dsym";
				DEVELOPMENT_ASSET_PATHS = "Ophanim/Preview\\ Content";
				DEVELOPMENT_TEAM = "";
				ENABLE_HARDENED_RUNTIME = YES;
				ENABLE_PREVIEWS = YES;
				EXCLUDED_ARCHS = x86_64;
				INFOPLIST_FILE = Ophanim/Info.plist;
				LD_RUNPATH_SEARCH_PATHS = (
					"$(inherited)",
					"@executable_path/../Frameworks",
				);
				LIBRARY_SEARCH_PATHS = "$(inherited)";
				MACOSX_DEPLOYMENT_TARGET = 26.0;
				MARKETING_VERSION = 1.0.0;
				ONLY_ACTIVE_ARCH = NO;
				OTHER_LDFLAGS = "-ObjC";
				PRODUCT_BUNDLE_IDENTIFIER = be.ophanim.Ophanim;
				PRODUCT_NAME = "$(TARGET_NAME)";
				PROVISIONING_PROFILE_SPECIFIER = "match Direct be.ophanim.Ophanim macos";
				RUN_DOCUMENTATION_COMPILER = NO;
				SWIFT_ENFORCE_EXCLUSIVE_ACCESS = off;
				SWIFT_OBJC_BRIDGING_HEADER = "./Ophanim/Ophanim-Bridging-Header.h";
				"SWIFT_OBJC_BRIDGING_HEADER[arch=*]" = "./Ophanim/Ophanim-Bridging-Header.h";
				SWIFT_VERSION = 6.0;
				SYSTEM_FRAMEWORK_SEARCH_PATHS = "$(SYSTEM_LIBRARY_DIR)/PrivateFrameworks";
			};
			name = Nightly;
		};
/* End XCBuildConfiguration section */

/* Begin XCConfigurationList section */
		8783CFF226B8C52D00171041 /* Build configuration list for PBXProject "Ophanim" */ = {
			isa = XCConfigurationList;
			buildConfigurations = (
				8783D00626B8C52E00171041 /* Release */,
				9BFBDA6728C95BA500252EB7 /* Nightly */,
			);
			defaultConfigurationIsVisible = 0;
			defaultConfigurationName = Release;
		};
		8783D00726B8C52E00171041 /* Build configuration list for PBXNativeTarget "Ophanim" */ = {
			isa = XCConfigurationList;
			buildConfigurations = (
				8783D00926B8C52E00171041 /* Release */,
				9BFBDA6828C95BA500252EB7 /* Nightly */,
			);
			defaultConfigurationIsVisible = 0;
			defaultConfigurationName = Release;
		};
/* End XCConfigurationList section */

/* Begin XCRemoteSwiftPackageReference section */
		68E48B932957046D00C39879 /* XCRemoteSwiftPackageReference "download-manager" */ = {
			isa = XCRemoteSwiftPackageReference;
			repositoryURL = "https://github.com/shapedbyiris/download-manager.git";
			requirement = {
				kind = upToNextMajorVersion;
				minimumVersion = 0.1.0;
			};
		};
		68E48B98295708C800C39879 /* XCRemoteSwiftPackageReference "inject" */ = {
			isa = XCRemoteSwiftPackageReference;
			repositoryURL = "https://github.com/paradiseduo/inject";
			requirement = {
				kind = upToNextMajorVersion;
				minimumVersion = 1.0.0;
			};
		};
		68E48B9D29570A0400C39879 /* XCRemoteSwiftPackageReference "DataCache" */ = {
			isa = XCRemoteSwiftPackageReference;
			repositoryURL = "https://github.com/huynguyencong/DataCache";
			requirement = {
				kind = upToNextMajorVersion;
				minimumVersion = 1.0.0;
			};
		};
		AA818CB3287ABEC3000BEE9D /* XCRemoteSwiftPackageReference "Yams" */ = {
			isa = XCRemoteSwiftPackageReference;
			repositoryURL = "https://github.com/jpsim/Yams.git";
			requirement = {
				kind = versionRange;
				maximumVersion = 6.0.0;
				minimumVersion = 5.0.0;
			};
		};
		B44E8CD12C31C50200542038 /* XCRemoteSwiftPackageReference "SwiftSoup" */ = {
			isa = XCRemoteSwiftPackageReference;
			repositoryURL = "https://github.com/scinfu/SwiftSoup";
			requirement = {
				kind = upToNextMajorVersion;
				minimumVersion = 2.6.0;
			};
		};
/* End XCRemoteSwiftPackageReference section */

/* Begin XCSwiftPackageProductDependency section */
		68E48B942957046D00C39879 /* DownloadManager */ = {
			isa = XCSwiftPackageProductDependency;
			package = 68E48B932957046D00C39879 /* XCRemoteSwiftPackageReference "download-manager" */;
			productName = DownloadManager;
		};
		68E48B99295708C800C39879 /* Injection */ = {
			isa = XCSwiftPackageProductDependency;
			package = 68E48B98295708C800C39879 /* XCRemoteSwiftPackageReference "inject" */;
			productName = Injection;
		};
		68E48B9E29570A0400C39879 /* DataCache */ = {
			isa = XCSwiftPackageProductDependency;
			package = 68E48B9D29570A0400C39879 /* XCRemoteSwiftPackageReference "DataCache" */;
			productName = DataCache;
		};
		AA818CB4287ABEC3000BEE9D /* Yams */ = {
			isa = XCSwiftPackageProductDependency;
			package = AA818CB3287ABEC3000BEE9D /* XCRemoteSwiftPackageReference "Yams" */;
			productName = Yams;
		};
		B44E8CD22C31C50200542038 /* SwiftSoup */ = {
			isa = XCSwiftPackageProductDependency;
			package = B44E8CD12C31C50200542038 /* XCRemoteSwiftPackageReference "SwiftSoup" */;
			productName = SwiftSoup;
		};
/* End XCSwiftPackageProductDependency section */
	};
	rootObject = 8783CFEF26B8C52D00171041 /* Project object */;
}
